PODS:
  - SDWebImage (5.0.3):
    - SDWebImage/Core (= 5.0.3)
  - SDWebImage/Core (5.0.3)
  - TimKit (0.0.1)
  - TimTestTools (0.0.1)

DEPENDENCIES:
  - SDWebImage
  - TimKit (from `/Users/Tim/dev/rijksmuseum-ios-vip-example/../TimKit`)
  - TimTestTools (from `/Users/Tim/dev/rijksmuseum-ios-vip-example/../TimTestTools`)

SPEC REPOS:
  https://github.com/cocoapods/specs.git:
    - SDWebImage

EXTERNAL SOURCES:
  TimKit:
    :git: "/Users/Tim/dev/rijksmuseum-ios-vip-example/../TimKit"
  TimTestTools:
    :git: "/Users/Tim/dev/rijksmuseum-ios-vip-example/../TimTestTools"

CHECKOUT OPTIONS:
  TimKit:
    :commit: 7ff8f9296e39def158e965c801880a209bf84039
    :git: "/Users/Tim/dev/rijksmuseum-ios-vip-example/../TimKit"
  TimTestTools:
    :commit: c121d4ccbd8f29c154bcb9219d592f8028680e3a
    :git: "/Users/Tim/dev/rijksmuseum-ios-vip-example/../TimTestTools"

SPEC CHECKSUMS:
  SDWebImage: d4f87d7d36c8a4d9f9459dc282e0caa057fdf935
  TimKit: 25081ca569fedee5a6193791fc205da0b198edab
  TimTestTools: d9bef47dc81a7c429059f9805600d3176bc13de1

PODFILE CHECKSUM: ef72db1aa0e3a265c61da2b2c611b0ef6e657d4c

COCOAPODS: 1.6.2
