// !$*UTF8*$!
{
	archiveVersion = 1;
	classes = {
	};
	objectVersion = 50;
	objects = {

/* Begin PBXBuildFile section */
		0B90B1DAD8E3443C5365300D /* Pods_Utils.framework in Frameworks */ = {isa = PBXBuildFile; fileRef = CEB434F98CFA0638795566DD /* Pods_Utils.framework */; };
		224195FF2262A0620006348F /* LocalizedError.swift in Sources */ = {isa = PBXBuildFile; fileRef = 224195FE2262A0620006348F /* LocalizedError.swift */; };
		224196012262A0720006348F /* Result.swift in Sources */ = {isa = PBXBuildFile; fileRef = 224196002262A0720006348F /* Result.swift */; };
		224196032262A0820006348F /* Collection.swift in Sources */ = {isa = PBXBuildFile; fileRef = 224196022262A0820006348F /* Collection.swift */; };
		224196052262A08B0006348F /* UITableViewCell.swift in Sources */ = {isa = PBXBuildFile; fileRef = 224196042262A08B0006348F /* UITableViewCell.swift */; };
		2289A5C0212F108500787E2B /* UICollectionReusableView.swift in Sources */ = {isa = PBXBuildFile; fileRef = 22AC8C65212EE7E5000A0BE0 /* UICollectionReusableView.swift */; };
		2289A5C2212F108800787E2B /* UIColor.swift in Sources */ = {isa = PBXBuildFile; fileRef = 22AC8C66212EE7E5000A0BE0 /* UIColor.swift */; };
		2289A5C5212F10A800787E2B /* UIRefreshControl.swift in Sources */ = {isa = PBXBuildFile; fileRef = 22AC8C67212EE7E5000A0BE0 /* UIRefreshControl.swift */; };
		22AC8C53212EE635000A0BE0 /* Utils.framework in Frameworks */ = {isa = PBXBuildFile; fileRef = 22AC8C49212EE635000A0BE0 /* Utils.framework */; };
		22AC8C5A212EE635000A0BE0 /* Utilities.h in Headers */ = {isa = PBXBuildFile; fileRef = 22AC8C4C212EE635000A0BE0 /* Utilities.h */; settings = {ATTRIBUTES = (Public, ); }; };
		22AC8C6A212EE7E6000A0BE0 /* ImageViewCell.swift in Sources */ = {isa = PBXBuildFile; fileRef = 22AC8C64212EE7E5000A0BE0 /* ImageViewCell.swift */; };
		FCE3CC423F108016E928F856 /* Pods_UtilsTests.framework in Frameworks */ = {isa = PBXBuildFile; fileRef = 3BE2A3E55A264A0892929C44 /* Pods_UtilsTests.framework */; };
/* End PBXBuildFile section */

/* Begin PBXContainerItemProxy section */
		22AC8C54212EE635000A0BE0 /* PBXContainerItemProxy */ = {
			isa = PBXContainerItemProxy;
			containerPortal = 22AC8C40212EE635000A0BE0 /* Project object */;
			proxyType = 1;
			remoteGlobalIDString = 22AC8C48212EE635000A0BE0;
			remoteInfo = Utilities;
		};
/* End PBXContainerItemProxy section */

/* Begin PBXFileReference section */
		224195FE2262A0620006348F /* LocalizedError.swift */ = {isa = PBXFileReference; fileEncoding = 4; lastKnownFileType = sourcecode.swift; path = LocalizedError.swift; sourceTree = "<group>"; };
		224196002262A0720006348F /* Result.swift */ = {isa = PBXFileReference; fileEncoding = 4; lastKnownFileType = sourcecode.swift; path = Result.swift; sourceTree = "<group>"; };
		224196022262A0820006348F /* Collection.swift */ = {isa = PBXFileReference; fileEncoding = 4; lastKnownFileType = sourcecode.swift; path = Collection.swift; sourceTree = "<group>"; };
		224196042262A08B0006348F /* UITableViewCell.swift */ = {isa = PBXFileReference; fileEncoding = 4; lastKnownFileType = sourcecode.swift; path = UITableViewCell.swift; sourceTree = "<group>"; };
		22AC8C49212EE635000A0BE0 /* Utils.framework */ = {isa = PBXFileReference; explicitFileType = wrapper.framework; includeInIndex = 0; path = Utils.framework; sourceTree = BUILT_PRODUCTS_DIR; };
		22AC8C4C212EE635000A0BE0 /* Utilities.h */ = {isa = PBXFileReference; lastKnownFileType = sourcecode.c.h; path = Utilities.h; sourceTree = "<group>"; };
		22AC8C4D212EE635000A0BE0 /* Info.plist */ = {isa = PBXFileReference; lastKnownFileType = text.plist.xml; path = Info.plist; sourceTree = "<group>"; };
		22AC8C52212EE635000A0BE0 /* UtilsTests.xctest */ = {isa = PBXFileReference; explicitFileType = wrapper.cfbundle; includeInIndex = 0; path = UtilsTests.xctest; sourceTree = BUILT_PRODUCTS_DIR; };
		22AC8C59212EE635000A0BE0 /* Info.plist */ = {isa = PBXFileReference; lastKnownFileType = text.plist.xml; path = Info.plist; sourceTree = "<group>"; };
		22AC8C64212EE7E5000A0BE0 /* ImageViewCell.swift */ = {isa = PBXFileReference; fileEncoding = 4; lastKnownFileType = sourcecode.swift; path = ImageViewCell.swift; sourceTree = "<group>"; };
		22AC8C65212EE7E5000A0BE0 /* UICollectionReusableView.swift */ = {isa = PBXFileReference; fileEncoding = 4; lastKnownFileType = sourcecode.swift; path = UICollectionReusableView.swift; sourceTree = "<group>"; };
		22AC8C66212EE7E5000A0BE0 /* UIColor.swift */ = {isa = PBXFileReference; fileEncoding = 4; lastKnownFileType = sourcecode.swift; path = UIColor.swift; sourceTree = "<group>"; };
		22AC8C67212EE7E5000A0BE0 /* UIRefreshControl.swift */ = {isa = PBXFileReference; fileEncoding = 4; lastKnownFileType = sourcecode.swift; path = UIRefreshControl.swift; sourceTree = "<group>"; };
		28B206192FAA275D0525E194 /* Pods-UtilityTests.release.xcconfig */ = {isa = PBXFileReference; includeInIndex = 1; lastKnownFileType = text.xcconfig; name = "Pods-UtilityTests.release.xcconfig"; path = "../Pods/Target Support Files/Pods-UtilityTests/Pods-UtilityTests.release.xcconfig"; sourceTree = "<group>"; };
		29A45348468C05E17C5C7926 /* Pods_UtilityTests.framework */ = {isa = PBXFileReference; explicitFileType = wrapper.framework; includeInIndex = 0; path = Pods_UtilityTests.framework; sourceTree = BUILT_PRODUCTS_DIR; };
		3BE2A3E55A264A0892929C44 /* Pods_UtilsTests.framework */ = {isa = PBXFileReference; explicitFileType = wrapper.framework; includeInIndex = 0; path = Pods_UtilsTests.framework; sourceTree = BUILT_PRODUCTS_DIR; };
		3E360DD20B9700D03B281D07 /* Pods-Utility.debug.xcconfig */ = {isa = PBXFileReference; includeInIndex = 1; lastKnownFileType = text.xcconfig; name = "Pods-Utility.debug.xcconfig"; path = "../Pods/Target Support Files/Pods-Utility/Pods-Utility.debug.xcconfig"; sourceTree = "<group>"; };
		3F04A10177BA02B68042D49C /* Pods-Utility.release.xcconfig */ = {isa = PBXFileReference; includeInIndex = 1; lastKnownFileType = text.xcconfig; name = "Pods-Utility.release.xcconfig"; path = "../Pods/Target Support Files/Pods-Utility/Pods-Utility.release.xcconfig"; sourceTree = "<group>"; };
		438B2D527B431168044F3B1B /* Pods-UtilityTests.debug.xcconfig */ = {isa = PBXFileReference; includeInIndex = 1; lastKnownFileType = text.xcconfig; name = "Pods-UtilityTests.debug.xcconfig"; path = "../Pods/Target Support Files/Pods-UtilityTests/Pods-UtilityTests.debug.xcconfig"; sourceTree = "<group>"; };
		71E4960A4AB5F4857DB9999A /* Pods_Utility_UtilityTests.framework */ = {isa = PBXFileReference; explicitFileType = wrapper.framework; includeInIndex = 0; path = Pods_Utility_UtilityTests.framework; sourceTree = BUILT_PRODUCTS_DIR; };
		7A8CF29241AA148AA4FEE212 /* Pods_UtilitiesTests.framework */ = {isa = PBXFileReference; explicitFileType = wrapper.framework; includeInIndex = 0; path = Pods_UtilitiesTests.framework; sourceTree = BUILT_PRODUCTS_DIR; };
		89793EE859C8686A7FA1892B /* Pods_Utilities.framework */ = {isa = PBXFileReference; explicitFileType = wrapper.framework; includeInIndex = 0; path = Pods_Utilities.framework; sourceTree = BUILT_PRODUCTS_DIR; };
		92498561791E7611DC2875D1 /* Pods-UtilsTests.release.xcconfig */ = {isa = PBXFileReference; includeInIndex = 1; lastKnownFileType = text.xcconfig; name = "Pods-UtilsTests.release.xcconfig"; path = "../Pods/Target Support Files/Pods-UtilsTests/Pods-UtilsTests.release.xcconfig"; sourceTree = "<group>"; };
		998C6B9114AC87B6607542DA /* Pods-Utils.release.xcconfig */ = {isa = PBXFileReference; includeInIndex = 1; lastKnownFileType = text.xcconfig; name = "Pods-Utils.release.xcconfig"; path = "../Pods/Target Support Files/Pods-Utils/Pods-Utils.release.xcconfig"; sourceTree = "<group>"; };
		9DD6D4F1B9C7D26E4A69D80F /* Pods-Utilities.debug.xcconfig */ = {isa = PBXFileReference; includeInIndex = 1; lastKnownFileType = text.xcconfig; name = "Pods-Utilities.debug.xcconfig"; path = "../Pods/Target Support Files/Pods-Utilities/Pods-Utilities.debug.xcconfig"; sourceTree = "<group>"; };
		ABD0268A9FCE4910813A7939 /* Pods-Utils.debug.xcconfig */ = {isa = PBXFileReference; includeInIndex = 1; lastKnownFileType = text.xcconfig; name = "Pods-Utils.debug.xcconfig"; path = "../Pods/Target Support Files/Pods-Utils/Pods-Utils.debug.xcconfig"; sourceTree = "<group>"; };
		ACC0253969F8083EE6542C2C /* Pods_Utility.framework */ = {isa = PBXFileReference; explicitFileType = wrapper.framework; includeInIndex = 0; path = Pods_Utility.framework; sourceTree = BUILT_PRODUCTS_DIR; };
		CEB434F98CFA0638795566DD /* Pods_Utils.framework */ = {isa = PBXFileReference; explicitFileType = wrapper.framework; includeInIndex = 0; path = Pods_Utils.framework; sourceTree = BUILT_PRODUCTS_DIR; };
		CF5CDA6D8F5A2D3327E17F60 /* Pods-Utility-UtilityTests.debug.xcconfig */ = {isa = PBXFileReference; includeInIndex = 1; lastKnownFileType = text.xcconfig; name = "Pods-Utility-UtilityTests.debug.xcconfig"; path = "../Pods/Target Support Files/Pods-Utility-UtilityTests/Pods-Utility-UtilityTests.debug.xcconfig"; sourceTree = "<group>"; };
		D029AF111E606F5B56CB2DD7 /* Pods-Utility-UtilityTests.release.xcconfig */ = {isa = PBXFileReference; includeInIndex = 1; lastKnownFileType = text.xcconfig; name = "Pods-Utility-UtilityTests.release.xcconfig"; path = "../Pods/Target Support Files/Pods-Utility-UtilityTests/Pods-Utility-UtilityTests.release.xcconfig"; sourceTree = "<group>"; };
		D2C7ADA4B848A300341E7ED1 /* Pods-UtilitiesTests.release.xcconfig */ = {isa = PBXFileReference; includeInIndex = 1; lastKnownFileType = text.xcconfig; name = "Pods-UtilitiesTests.release.xcconfig"; path = "../Pods/Target Support Files/Pods-UtilitiesTests/Pods-UtilitiesTests.release.xcconfig"; sourceTree = "<group>"; };
		EAAA5B73AE768B35381B0546 /* Pods-UtilsTests.debug.xcconfig */ = {isa = PBXFileReference; includeInIndex = 1; lastKnownFileType = text.xcconfig; name = "Pods-UtilsTests.debug.xcconfig"; path = "../Pods/Target Support Files/Pods-UtilsTests/Pods-UtilsTests.debug.xcconfig"; sourceTree = "<group>"; };
		F4F10B532A89D345F553EB0A /* Pods-Utilities.release.xcconfig */ = {isa = PBXFileReference; includeInIndex = 1; lastKnownFileType = text.xcconfig; name = "Pods-Utilities.release.xcconfig"; path = "../Pods/Target Support Files/Pods-Utilities/Pods-Utilities.release.xcconfig"; sourceTree = "<group>"; };
		F5C3C5AEDE97E0D5628AE031 /* Pods-UtilitiesTests.debug.xcconfig */ = {isa = PBXFileReference; includeInIndex = 1; lastKnownFileType = text.xcconfig; name = "Pods-UtilitiesTests.debug.xcconfig"; path = "../Pods/Target Support Files/Pods-UtilitiesTests/Pods-UtilitiesTests.debug.xcconfig"; sourceTree = "<group>"; };
/* End PBXFileReference section */

/* Begin PBXFrameworksBuildPhase section */
		22AC8C46212EE635000A0BE0 /* Frameworks */ = {
			isa = PBXFrameworksBuildPhase;
			buildActionMask = 2147483647;
			files = (
				0B90B1DAD8E3443C5365300D /* Pods_Utils.framework in Frameworks */,
			);
			runOnlyForDeploymentPostprocessing = 0;
		};
		22AC8C4F212EE635000A0BE0 /* Frameworks */ = {
			isa = PBXFrameworksBuildPhase;
			buildActionMask = 2147483647;
			files = (
				22AC8C53212EE635000A0BE0 /* Utils.framework in Frameworks */,
				FCE3CC423F108016E928F856 /* Pods_UtilsTests.framework in Frameworks */,
			);
			runOnlyForDeploymentPostprocessing = 0;
		};
/* End PBXFrameworksBuildPhase section */

/* Begin PBXGroup section */
		222A72CE212EEBC800BA759F /* Resources */ = {
			isa = PBXGroup;
			children = (
				22AC8C4C212EE635000A0BE0 /* Utilities.h */,
				22AC8C4D212EE635000A0BE0 /* Info.plist */,
			);
			path = Resources;
			sourceTree = "<group>";
		};
		222A72CF212EEBD600BA759F /* Resources */ = {
			isa = PBXGroup;
			children = (
				22AC8C59212EE635000A0BE0 /* Info.plist */,
			);
			path = Resources;
			sourceTree = "<group>";
		};
		22AC8C3F212EE635000A0BE0 = {
			isa = PBXGroup;
			children = (
				22AC8C4B212EE635000A0BE0 /* Utils */,
				22AC8C56212EE635000A0BE0 /* UtilsTests */,
				22AC8C4A212EE635000A0BE0 /* Products */,
				A8223029073A0062B1EA3F4B /* Pods */,
				9B1CB214609DABFA088B4A6C /* Frameworks */,
			);
			sourceTree = "<group>";
		};
		22AC8C4A212EE635000A0BE0 /* Products */ = {
			isa = PBXGroup;
			children = (
				22AC8C49212EE635000A0BE0 /* Utils.framework */,
				22AC8C52212EE635000A0BE0 /* UtilsTests.xctest */,
			);
			name = Products;
			sourceTree = "<group>";
		};
		22AC8C4B212EE635000A0BE0 /* Utils */ = {
			isa = PBXGroup;
			children = (
				22AC8C6B212EE7F4000A0BE0 /* UI */,
				22AC8C68212EE7E5000A0BE0 /* Extensions */,
				222A72CE212EEBC800BA759F /* Resources */,
			);
			path = Utils;
			sourceTree = "<group>";
		};
		22AC8C56212EE635000A0BE0 /* UtilsTests */ = {
			isa = PBXGroup;
			children = (
				222A72CF212EEBD600BA759F /* Resources */,
			);
			path = UtilsTests;
			sourceTree = "<group>";
		};
		22AC8C68212EE7E5000A0BE0 /* Extensions */ = {
			isa = PBXGroup;
			children = (
				224196002262A0720006348F /* Result.swift */,
				224195FE2262A0620006348F /* LocalizedError.swift */,
				224196022262A0820006348F /* Collection.swift */,
				22AC8C65212EE7E5000A0BE0 /* UICollectionReusableView.swift */,
				224196042262A08B0006348F /* UITableViewCell.swift */,
				22AC8C66212EE7E5000A0BE0 /* UIColor.swift */,
				22AC8C67212EE7E5000A0BE0 /* UIRefreshControl.swift */,
			);
			path = Extensions;
			sourceTree = "<group>";
		};
		22AC8C6B212EE7F4000A0BE0 /* UI */ = {
			isa = PBXGroup;
			children = (
				22AC8C64212EE7E5000A0BE0 /* ImageViewCell.swift */,
			);
			path = UI;
			sourceTree = "<group>";
		};
		9B1CB214609DABFA088B4A6C /* Frameworks */ = {
			isa = PBXGroup;
			children = (
				ACC0253969F8083EE6542C2C /* Pods_Utility.framework */,
				29A45348468C05E17C5C7926 /* Pods_UtilityTests.framework */,
				71E4960A4AB5F4857DB9999A /* Pods_Utility_UtilityTests.framework */,
				89793EE859C8686A7FA1892B /* Pods_Utilities.framework */,
				7A8CF29241AA148AA4FEE212 /* Pods_UtilitiesTests.framework */,
				CEB434F98CFA0638795566DD /* Pods_Utils.framework */,
				3BE2A3E55A264A0892929C44 /* Pods_UtilsTests.framework */,
			);
			name = Frameworks;
			sourceTree = "<group>";
		};
		A8223029073A0062B1EA3F4B /* Pods */ = {
			isa = PBXGroup;
			children = (
				3E360DD20B9700D03B281D07 /* Pods-Utility.debug.xcconfig */,
				3F04A10177BA02B68042D49C /* Pods-Utility.release.xcconfig */,
				438B2D527B431168044F3B1B /* Pods-UtilityTests.debug.xcconfig */,
				28B206192FAA275D0525E194 /* Pods-UtilityTests.release.xcconfig */,
				CF5CDA6D8F5A2D3327E17F60 /* Pods-Utility-UtilityTests.debug.xcconfig */,
				D029AF111E606F5B56CB2DD7 /* Pods-Utility-UtilityTests.release.xcconfig */,
				9DD6D4F1B9C7D26E4A69D80F /* Pods-Utilities.debug.xcconfig */,
				F4F10B532A89D345F553EB0A /* Pods-Utilities.release.xcconfig */,
				F5C3C5AEDE97E0D5628AE031 /* Pods-UtilitiesTests.debug.xcconfig */,
				D2C7ADA4B848A300341E7ED1 /* Pods-UtilitiesTests.release.xcconfig */,
				ABD0268A9FCE4910813A7939 /* Pods-Utils.debug.xcconfig */,
				998C6B9114AC87B6607542DA /* Pods-Utils.release.xcconfig */,
				EAAA5B73AE768B35381B0546 /* Pods-UtilsTests.debug.xcconfig */,
				92498561791E7611DC2875D1 /* Pods-UtilsTests.release.xcconfig */,
			);
			name = Pods;
			sourceTree = "<group>";
		};
/* End PBXGroup section */

/* Begin PBXHeadersBuildPhase section */
		22AC8C44212EE635000A0BE0 /* Headers */ = {
			isa = PBXHeadersBuildPhase;
			buildActionMask = 2147483647;
			files = (
				22AC8C5A212EE635000A0BE0 /* Utilities.h in Headers */,
			);
			runOnlyForDeploymentPostprocessing = 0;
		};
/* End PBXHeadersBuildPhase section */

/* Begin PBXNativeTarget section */
		22AC8C48212EE635000A0BE0 /* Utils */ = {
			isa = PBXNativeTarget;
			buildConfigurationList = 22AC8C5D212EE635000A0BE0 /* Build configuration list for PBXNativeTarget "Utils" */;
			buildPhases = (
				91E9715FCF2C9379C2524722 /* [CP] Check Pods Manifest.lock */,
				22AC8C44212EE635000A0BE0 /* Headers */,
				22AC8C45212EE635000A0BE0 /* Sources */,
				22AC8C46212EE635000A0BE0 /* Frameworks */,
				22AC8C47212EE635000A0BE0 /* Resources */,
			);
			buildRules = (
			);
			dependencies = (
			);
			name = Utils;
			productName = Utilities;
			productReference = 22AC8C49212EE635000A0BE0 /* Utils.framework */;
			productType = "com.apple.product-type.framework";
		};
		22AC8C51212EE635000A0BE0 /* UtilsTests */ = {
			isa = PBXNativeTarget;
			buildConfigurationList = 22AC8C60212EE635000A0BE0 /* Build configuration list for PBXNativeTarget "UtilsTests" */;
			buildPhases = (
				3002C7A8CEBBDA7962144EF8 /* [CP] Check Pods Manifest.lock */,
				22AC8C4E212EE635000A0BE0 /* Sources */,
				22AC8C4F212EE635000A0BE0 /* Frameworks */,
				22AC8C50212EE635000A0BE0 /* Resources */,
				F7E29E68EF00C83BCD242F29 /* [CP] Embed Pods Frameworks */,
			);
			buildRules = (
			);
			dependencies = (
				22AC8C55212EE635000A0BE0 /* PBXTargetDependency */,
			);
			name = UtilsTests;
			productName = UtilitiesTests;
			productReference = 22AC8C52212EE635000A0BE0 /* UtilsTests.xctest */;
			productType = "com.apple.product-type.bundle.unit-test";
		};
/* End PBXNativeTarget section */

/* Begin PBXProject section */
		22AC8C40212EE635000A0BE0 /* Project object */ = {
			isa = PBXProject;
			attributes = {
				LastSwiftUpdateCheck = 1000;
				LastUpgradeCheck = 1000;
				ORGANIZATIONNAME = "Tim Edwards";
				TargetAttributes = {
					22AC8C48212EE635000A0BE0 = {
						CreatedOnToolsVersion = 10.0;
						LastSwiftMigration = 1020;
					};
					22AC8C51212EE635000A0BE0 = {
						CreatedOnToolsVersion = 10.0;
					};
				};
			};
			buildConfigurationList = 22AC8C43212EE635000A0BE0 /* Build configuration list for PBXProject "Utils" */;
			compatibilityVersion = "Xcode 9.3";
			developmentRegion = en;
			hasScannedForEncodings = 0;
			knownRegions = (
				en,
				Base,
			);
			mainGroup = 22AC8C3F212EE635000A0BE0;
			productRefGroup = 22AC8C4A212EE635000A0BE0 /* Products */;
			projectDirPath = "";
			projectRoot = "";
			targets = (
				22AC8C48212EE635000A0BE0 /* Utils */,
				22AC8C51212EE635000A0BE0 /* UtilsTests */,
			);
		};
/* End PBXProject section */

/* Begin PBXResourcesBuildPhase section */
		22AC8C47212EE635000A0BE0 /* Resources */ = {
			isa = PBXResourcesBuildPhase;
			buildActionMask = 2147483647;
			files = (
			);
			runOnlyForDeploymentPostprocessing = 0;
		};
		22AC8C50212EE635000A0BE0 /* Resources */ = {
			isa = PBXResourcesBuildPhase;
			buildActionMask = 2147483647;
			files = (
			);
			runOnlyForDeploymentPostprocessing = 0;
		};
/* End PBXResourcesBuildPhase section */

/* Begin PBXShellScriptBuildPhase section */
		3002C7A8CEBBDA7962144EF8 /* [CP] Check Pods Manifest.lock */ = {
			isa = PBXShellScriptBuildPhase;
			buildActionMask = 2147483647;
			files = (
			);
			inputPaths = (
				"${PODS_PODFILE_DIR_PATH}/Podfile.lock",
				"${PODS_ROOT}/Manifest.lock",
			);
			name = "[CP] Check Pods Manifest.lock";
			outputPaths = (
				"$(DERIVED_FILE_DIR)/Pods-UtilsTests-checkManifestLockResult.txt",
			);
			runOnlyForDeploymentPostprocessing = 0;
			shellPath = /bin/sh;
			shellScript = "diff \"${PODS_PODFILE_DIR_PATH}/Podfile.lock\" \"${PODS_ROOT}/Manifest.lock\" > /dev/null\nif [ $? != 0 ] ; then\n    # print error to STDERR\n    echo \"error: The sandbox is not in sync with the Podfile.lock. Run 'pod install' or update your CocoaPods installation.\" >&2\n    exit 1\nfi\n# This output is used by Xcode 'outputs' to avoid re-running this script phase.\necho \"SUCCESS\" > \"${SCRIPT_OUTPUT_FILE_0}\"\n";
			showEnvVarsInLog = 0;
		};
		91E9715FCF2C9379C2524722 /* [CP] Check Pods Manifest.lock */ = {
			isa = PBXShellScriptBuildPhase;
			buildActionMask = 2147483647;
			files = (
			);
			inputPaths = (
				"${PODS_PODFILE_DIR_PATH}/Podfile.lock",
				"${PODS_ROOT}/Manifest.lock",
			);
			name = "[CP] Check Pods Manifest.lock";
			outputPaths = (
				"$(DERIVED_FILE_DIR)/Pods-Utils-checkManifestLockResult.txt",
			);
			runOnlyForDeploymentPostprocessing = 0;
			shellPath = /bin/sh;
			shellScript = "diff \"${PODS_PODFILE_DIR_PATH}/Podfile.lock\" \"${PODS_ROOT}/Manifest.lock\" > /dev/null\nif [ $? != 0 ] ; then\n    # print error to STDERR\n    echo \"error: The sandbox is not in sync with the Podfile.lock. Run 'pod install' or update your CocoaPods installation.\" >&2\n    exit 1\nfi\n# This output is used by Xcode 'outputs' to avoid re-running this script phase.\necho \"SUCCESS\" > \"${SCRIPT_OUTPUT_FILE_0}\"\n";
			showEnvVarsInLog = 0;
		};
		F7E29E68EF00C83BCD242F29 /* [CP] Embed Pods Frameworks */ = {
			isa = PBXShellScriptBuildPhase;
			buildActionMask = 2147483647;
			files = (
			);
			inputFileListPaths = (
			);
			inputPaths = (
				"${SRCROOT}/../Pods/Target Support Files/Pods-UtilsTests/Pods-UtilsTests-frameworks.sh",
				"${BUILT_PRODUCTS_DIR}/SDWebImage/SDWebImage.framework",
				"${BUILT_PRODUCTS_DIR}/TinyConstraints/TinyConstraints.framework",
			);
			name = "[CP] Embed Pods Frameworks";
			outputFileListPaths = (
			);
			outputPaths = (
				"${TARGET_BUILD_DIR}/${FRAMEWORKS_FOLDER_PATH}/SDWebImage.framework",
				"${TARGET_BUILD_DIR}/${FRAMEWORKS_FOLDER_PATH}/TinyConstraints.framework",
			);
			runOnlyForDeploymentPostprocessing = 0;
			shellPath = /bin/sh;
			shellScript = "\"${SRCROOT}/../Pods/Target Support Files/Pods-UtilsTests/Pods-UtilsTests-frameworks.sh\"\n";
			showEnvVarsInLog = 0;
		};
/* End PBXShellScriptBuildPhase section */

/* Begin PBXSourcesBuildPhase section */
		22AC8C45212EE635000A0BE0 /* Sources */ = {
			isa = PBXSourcesBuildPhase;
			buildActionMask = 2147483647;
			files = (
				224196012262A0720006348F /* Result.swift in Sources */,
				2289A5C5212F10A800787E2B /* UIRefreshControl.swift in Sources */,
				2289A5C0212F108500787E2B /* UICollectionReusableView.swift in Sources */,
				22AC8C6A212EE7E6000A0BE0 /* ImageViewCell.swift in Sources */,
				224195FF2262A0620006348F /* LocalizedError.swift in Sources */,
				224196032262A0820006348F /* Collection.swift in Sources */,
				2289A5C2212F108800787E2B /* UIColor.swift in Sources */,
				224196052262A08B0006348F /* UITableViewCell.swift in Sources */,
			);
			runOnlyForDeploymentPostprocessing = 0;
		};
		22AC8C4E212EE635000A0BE0 /* Sources */ = {
			isa = PBXSourcesBuildPhase;
			buildActionMask = 2147483647;
			files = (
			);
			runOnlyForDeploymentPostprocessing = 0;
		};
/* End PBXSourcesBuildPhase section */

/* Begin PBXTargetDependency section */
		22AC8C55212EE635000A0BE0 /* PBXTargetDependency */ = {
			isa = PBXTargetDependency;
			target = 22AC8C48212EE635000A0BE0 /* Utils */;
			targetProxy = 22AC8C54212EE635000A0BE0 /* PBXContainerItemProxy */;
		};
/* End PBXTargetDependency section */

/* Begin XCBuildConfiguration section */
		22AC8C5B212EE635000A0BE0 /* Debug */ = {
			isa = XCBuildConfiguration;
			buildSettings = {
				ALWAYS_SEARCH_USER_PATHS = NO;
				CLANG_ANALYZER_NONNULL = YES;
				CLANG_ANALYZER_NUMBER_OBJECT_CONVERSION = YES_AGGRESSIVE;
				CLANG_CXX_LANGUAGE_STANDARD = "gnu++14";
				CLANG_CXX_LIBRARY = "libc++";
				CLANG_ENABLE_MODULES = YES;
				CLANG_ENABLE_OBJC_ARC = YES;
				CLANG_ENABLE_OBJC_WEAK = YES;
				CLANG_WARN_BLOCK_CAPTURE_AUTORELEASING = YES;
				CLANG_WARN_BOOL_CONVERSION = YES;
				CLANG_WARN_COMMA = YES;
				CLANG_WARN_CONSTANT_CONVERSION = YES;
				CLANG_WARN_DEPRECATED_OBJC_IMPLEMENTATIONS = YES;
				CLANG_WARN_DIRECT_OBJC_ISA_USAGE = YES_ERROR;
				CLANG_WARN_DOCUMENTATION_COMMENTS = YES;
				CLANG_WARN_EMPTY_BODY = YES;
				CLANG_WARN_ENUM_CONVERSION = YES;
				CLANG_WARN_INFINITE_RECURSION = YES;
				CLANG_WARN_INT_CONVERSION = YES;
				CLANG_WARN_NON_LITERAL_NULL_CONVERSION = YES;
				CLANG_WARN_OBJC_IMPLICIT_RETAIN_SELF = YES;
				CLANG_WARN_OBJC_LITERAL_CONVERSION = YES;
				CLANG_WARN_OBJC_ROOT_CLASS = YES_ERROR;
				CLANG_WARN_RANGE_LOOP_ANALYSIS = YES;
				CLANG_WARN_STRICT_PROTOTYPES = YES;
				CLANG_WARN_SUSPICIOUS_MOVE = YES;
				CLANG_WARN_UNGUARDED_AVAILABILITY = YES_AGGRESSIVE;
				CLANG_WARN_UNREACHABLE_CODE = YES;
				CLANG_WARN__DUPLICATE_METHOD_MATCH = YES;
				CODE_SIGN_IDENTITY = "iPhone Developer";
				COPY_PHASE_STRIP = NO;
				CURRENT_PROJECT_VERSION = 1;
				DEBUG_INFORMATION_FORMAT = dwarf;
				ENABLE_STRICT_OBJC_MSGSEND = YES;
				ENABLE_TESTABILITY = YES;
				GCC_C_LANGUAGE_STANDARD = gnu11;
				GCC_DYNAMIC_NO_PIC = NO;
				GCC_NO_COMMON_BLOCKS = YES;
				GCC_OPTIMIZATION_LEVEL = 0;
				GCC_PREPROCESSOR_DEFINITIONS = (
					"DEBUG=1",
					"$(inherited)",
				);
				GCC_WARN_64_TO_32_BIT_CONVERSION = YES;
				GCC_WARN_ABOUT_RETURN_TYPE = YES_ERROR;
				GCC_WARN_UNDECLARED_SELECTOR = YES;
				GCC_WARN_UNINITIALIZED_AUTOS = YES_AGGRESSIVE;
				GCC_WARN_UNUSED_FUNCTION = YES;
				GCC_WARN_UNUSED_VARIABLE = YES;
				INFOPLIST_FILE = "$(SRCROOT)/$(TARGET_NAME)/Resources/Info.plist";
				IPHONEOS_DEPLOYMENT_TARGET = 11.4;
				MTL_ENABLE_DEBUG_INFO = INCLUDE_SOURCE;
				MTL_FAST_MATH = YES;
				ONLY_ACTIVE_ARCH = YES;
				SDKROOT = iphoneos;
				SWIFT_ACTIVE_COMPILATION_CONDITIONS = DEBUG;
				SWIFT_OPTIMIZATION_LEVEL = "-Onone";
				SWIFT_VERSION = 4.0;
				VERSIONING_SYSTEM = "apple-generic";
				VERSION_INFO_PREFIX = "";
			};
			name = Debug;
		};
		22AC8C5C212EE635000A0BE0 /* Release */ = {
			isa = XCBuildConfiguration;
			buildSettings = {
				ALWAYS_SEARCH_USER_PATHS = NO;
				CLANG_ANALYZER_NONNULL = YES;
				CLANG_ANALYZER_NUMBER_OBJECT_CONVERSION = YES_AGGRESSIVE;
				CLANG_CXX_LANGUAGE_STANDARD = "gnu++14";
				CLANG_CXX_LIBRARY = "libc++";
				CLANG_ENABLE_MODULES = YES;
				CLANG_ENABLE_OBJC_ARC = YES;
				CLANG_ENABLE_OBJC_WEAK = YES;
				CLANG_WARN_BLOCK_CAPTURE_AUTORELEASING = YES;
				CLANG_WARN_BOOL_CONVERSION = YES;
				CLANG_WARN_COMMA = YES;
				CLANG_WARN_CONSTANT_CONVERSION = YES;
				CLANG_WARN_DEPRECATED_OBJC_IMPLEMENTATIONS = YES;
				CLANG_WARN_DIRECT_OBJC_ISA_USAGE = YES_ERROR;
				CLANG_WARN_DOCUMENTATION_COMMENTS = YES;
				CLANG_WARN_EMPTY_BODY = YES;
				CLANG_WARN_ENUM_CONVERSION = YES;
				CLANG_WARN_INFINITE_RECURSION = YES;
				CLANG_WARN_INT_CONVERSION = YES;
				CLANG_WARN_NON_LITERAL_NULL_CONVERSION = YES;
				CLANG_WARN_OBJC_IMPLICIT_RETAIN_SELF = YES;
				CLANG_WARN_OBJC_LITERAL_CONVERSION = YES;
				CLANG_WARN_OBJC_ROOT_CLASS = YES_ERROR;
				CLANG_WARN_RANGE_LOOP_ANALYSIS = YES;
				CLANG_WARN_STRICT_PROTOTYPES = YES;
				CLANG_WARN_SUSPICIOUS_MOVE = YES;
				CLANG_WARN_UNGUARDED_AVAILABILITY = YES_AGGRESSIVE;
				CLANG_WARN_UNREACHABLE_CODE = YES;
				CLANG_WARN__DUPLICATE_METHOD_MATCH = YES;
				CODE_SIGN_IDENTITY = "iPhone Developer";
				COPY_PHASE_STRIP = NO;
				CURRENT_PROJECT_VERSION = 1;
				DEBUG_INFORMATION_FORMAT = "dwarf-with-dsym";
				ENABLE_NS_ASSERTIONS = NO;
				ENABLE_STRICT_OBJC_MSGSEND = YES;
				GCC_C_LANGUAGE_STANDARD = gnu11;
				GCC_NO_COMMON_BLOCKS = YES;
				GCC_WARN_64_TO_32_BIT_CONVERSION = YES;
				GCC_WARN_ABOUT_RETURN_TYPE = YES_ERROR;
				GCC_WARN_UNDECLARED_SELECTOR = YES;
				GCC_WARN_UNINITIALIZED_AUTOS = YES_AGGRESSIVE;
				GCC_WARN_UNUSED_FUNCTION = YES;
				GCC_WARN_UNUSED_VARIABLE = YES;
				INFOPLIST_FILE = "$(SRCROOT)/$(TARGET_NAME)/Resources/Info.plist";
				IPHONEOS_DEPLOYMENT_TARGET = 11.4;
				MTL_ENABLE_DEBUG_INFO = NO;
				MTL_FAST_MATH = YES;
				SDKROOT = iphoneos;
				SWIFT_COMPILATION_MODE = wholemodule;
				SWIFT_OPTIMIZATION_LEVEL = "-O";
				SWIFT_VERSION = 4.0;
				VALIDATE_PRODUCT = YES;
				VERSIONING_SYSTEM = "apple-generic";
				VERSION_INFO_PREFIX = "";
			};
			name = Release;
		};
		22AC8C5E212EE635000A0BE0 /* Debug */ = {
			isa = XCBuildConfiguration;
			baseConfigurationReference = ABD0268A9FCE4910813A7939 /* Pods-Utils.debug.xcconfig */;
			buildSettings = {
				CODE_SIGN_IDENTITY = "";
				CODE_SIGN_STYLE = Automatic;
				DEFINES_MODULE = YES;
				DEVELOPMENT_TEAM = P2H55DCRCL;
				DYLIB_COMPATIBILITY_VERSION = 1;
				DYLIB_CURRENT_VERSION = 1;
				DYLIB_INSTALL_NAME_BASE = "@rpath";
				INSTALL_PATH = "$(LOCAL_LIBRARY_DIR)/Frameworks";
				IPHONEOS_DEPLOYMENT_TARGET = 11.4;
				LD_RUNPATH_SEARCH_PATHS = (
					"$(inherited)",
					"@executable_path/Frameworks",
					"@loader_path/Frameworks",
				);
				PRODUCT_BUNDLE_IDENTIFIER = com.timwredwards.Utilities;
				PRODUCT_NAME = "$(TARGET_NAME:c99extidentifier)";
				SKIP_INSTALL = YES;
				SWIFT_VERSION = 5.0;
				TARGETED_DEVICE_FAMILY = "1,2";
			};
			name = Debug;
		};
		22AC8C5F212EE635000A0BE0 /* Release */ = {
			isa = XCBuildConfiguration;
			baseConfigurationReference = 998C6B9114AC87B6607542DA /* Pods-Utils.release.xcconfig */;
			buildSettings = {
				CODE_SIGN_IDENTITY = "";
				CODE_SIGN_STYLE = Automatic;
				DEFINES_MODULE = YES;
				DEVELOPMENT_TEAM = P2H55DCRCL;
				DYLIB_COMPATIBILITY_VERSION = 1;
				DYLIB_CURRENT_VERSION = 1;
				DYLIB_INSTALL_NAME_BASE = "@rpath";
				INSTALL_PATH = "$(LOCAL_LIBRARY_DIR)/Frameworks";
				IPHONEOS_DEPLOYMENT_TARGET = 11.4;
				LD_RUNPATH_SEARCH_PATHS = (
					"$(inherited)",
					"@executable_path/Frameworks",
					"@loader_path/Frameworks",
				);
				PRODUCT_BUNDLE_IDENTIFIER = com.timwredwards.Utilities;
				PRODUCT_NAME = "$(TARGET_NAME:c99extidentifier)";
				SKIP_INSTALL = YES;
				SWIFT_VERSION = 5.0;
				TARGETED_DEVICE_FAMILY = "1,2";
			};
			name = Release;
		};
		22AC8C61212EE635000A0BE0 /* Debug */ = {
			isa = XCBuildConfiguration;
			baseConfigurationReference = EAAA5B73AE768B35381B0546 /* Pods-UtilsTests.debug.xcconfig */;
			buildSettings = {
				CODE_SIGN_STYLE = Automatic;
				DEVELOPMENT_TEAM = P2H55DCRCL;
				LD_RUNPATH_SEARCH_PATHS = (
					"$(inherited)",
					"@executable_path/Frameworks",
					"@loader_path/Frameworks",
				);
				PRODUCT_BUNDLE_IDENTIFIER = com.timwredwards.UtilitiesTests;
				PRODUCT_NAME = "$(TARGET_NAME)";
				TARGETED_DEVICE_FAMILY = "1,2";
			};
			name = Debug;
		};
		22AC8C62212EE635000A0BE0 /* Release */ = {
			isa = XCBuildConfiguration;
			baseConfigurationReference = 92498561791E7611DC2875D1 /* Pods-UtilsTests.release.xcconfig */;
			buildSettings = {
				CODE_SIGN_STYLE = Automatic;
				DEVELOPMENT_TEAM = P2H55DCRCL;
				LD_RUNPATH_SEARCH_PATHS = (
					"$(inherited)",
					"@executable_path/Frameworks",
					"@loader_path/Frameworks",
				);
				PRODUCT_BUNDLE_IDENTIFIER = com.timwredwards.UtilitiesTests;
				PRODUCT_NAME = "$(TARGET_NAME)";
				TARGETED_DEVICE_FAMILY = "1,2";
			};
			name = Release;
		};
/* End XCBuildConfiguration section */

/* Begin XCConfigurationList section */
		22AC8C43212EE635000A0BE0 /* Build configuration list for PBXProject "Utils" */ = {
			isa = XCConfigurationList;
			buildConfigurations = (
				22AC8C5B212EE635000A0BE0 /* Debug */,
				22AC8C5C212EE635000A0BE0 /* Release */,
			);
			defaultConfigurationIsVisible = 0;
			defaultConfigurationName = Release;
		};
		22AC8C5D212EE635000A0BE0 /* Build configuration list for PBXNativeTarget "Utils" */ = {
			isa = XCConfigurationList;
			buildConfigurations = (
				22AC8C5E212EE635000A0BE0 /* Debug */,
				22AC8C5F212EE635000A0BE0 /* Release */,
			);
			defaultConfigurationIsVisible = 0;
			defaultConfigurationName = Release;
		};
		22AC8C60212EE635000A0BE0 /* Build configuration list for PBXNativeTarget "UtilsTests" */ = {
			isa = XCConfigurationList;
			buildConfigurations = (
				22AC8C61212EE635000A0BE0 /* Debug */,
				22AC8C62212EE635000A0BE0 /* Release */,
			);
			defaultConfigurationIsVisible = 0;
			defaultConfigurationName = Release;
		};
/* End XCConfigurationList section */
	};
	rootObject = 22AC8C40212EE635000A0BE0 /* Project object */;
}
