// !$*UTF8*$!
{
	archiveVersion = 1;
	classes = {
	};
	objectVersion = 52;
	objects = {

/* Begin PBXBuildFile section */
		221968762288C08500BF00FB /* NetworkResponseMock.swift in Sources */ = {isa = PBXBuildFile; fileRef = 221968752288C08500BF00FB /* NetworkResponseMock.swift */; };
		2242F2CA2430D76800D2E0DC /* RxSwift in Frameworks */ = {isa = PBXBuildFile; productRef = 2242F2C92430D76800D2E0DC /* RxSwift */; };
		224642942432730200BE711E /* WebService.swift in Sources */ = {isa = PBXBuildFile; fileRef = 224642932432730200BE711E /* WebService.swift */; };
		224642962432730A00BE711E /* WebServiceConfig.swift in Sources */ = {isa = PBXBuildFile; fileRef = 224642952432730A00BE711E /* WebServiceConfig.swift */; };
		225DF0DE2432C76700F2C2E7 /* JSONDecoder+Observable.swift in Sources */ = {isa = PBXBuildFile; fileRef = 225DF0DD2432C76700F2C2E7 /* JSONDecoder+Observable.swift */; };
		225DF0E02432C90200F2C2E7 /* UseCase.swift in Sources */ = {isa = PBXBuildFile; fileRef = 225DF0DF2432C90200F2C2E7 /* UseCase.swift */; };
		225EF9502430E6CB005D770F /* RxRelay in Frameworks */ = {isa = PBXBuildFile; productRef = 225EF94F2430E6CB005D770F /* RxRelay */; };
		225EF9522430E6CE005D770F /* RxCocoa in Frameworks */ = {isa = PBXBuildFile; productRef = 225EF9512430E6CE005D770F /* RxCocoa */; };
		2285024222879B5F0059AD7C /* Utils.h in Headers */ = {isa = PBXBuildFile; fileRef = 2285021722879B5F0059AD7C /* Utils.h */; settings = {ATTRIBUTES = (Public, ); }; };
		2285024822879B5F0059AD7C /* Collection+OptionalAt.swift in Sources */ = {isa = PBXBuildFile; fileRef = 2285021F22879B5F0059AD7C /* Collection+OptionalAt.swift */; };
		2285024922879B5F0059AD7C /* UIColor+Hex.swift in Sources */ = {isa = PBXBuildFile; fileRef = 2285022022879B5F0059AD7C /* UIColor+Hex.swift */; };
		2285024C22879B5F0059AD7C /* UIRefreshControl+Reactive.swift in Sources */ = {isa = PBXBuildFile; fileRef = 2285022322879B5F0059AD7C /* UIRefreshControl+Reactive.swift */; };
		2285025022879B5F0059AD7C /* UIAlertController+Alert.swift in Sources */ = {isa = PBXBuildFile; fileRef = 2285022722879B5F0059AD7C /* UIAlertController+Alert.swift */; };
		2285026022879BBC0059AD7C /* NetworkResponseValidatorTests.swift in Sources */ = {isa = PBXBuildFile; fileRef = 2285023B22879B5F0059AD7C /* NetworkResponseValidatorTests.swift */; };
		2285026622879BCC0059AD7C /* ConfigMock.swift in Sources */ = {isa = PBXBuildFile; fileRef = 2285022E22879B5F0059AD7C /* ConfigMock.swift */; };
		2285026822879BCC0059AD7C /* NetworkResponseValidatorSpy.swift in Sources */ = {isa = PBXBuildFile; fileRef = 2285023122879B5F0059AD7C /* NetworkResponseValidatorSpy.swift */; };
		2285026B22879BCC0059AD7C /* NetworkSessionDataTaskSpy.swift in Sources */ = {isa = PBXBuildFile; fileRef = 2285023422879B5F0059AD7C /* NetworkSessionDataTaskSpy.swift */; };
		2285026C22879BCC0059AD7C /* config.plist in Resources */ = {isa = PBXBuildFile; fileRef = 2285023622879B5F0059AD7C /* config.plist */; };
		2285026D22879BCC0059AD7C /* config_empty.plist in Resources */ = {isa = PBXBuildFile; fileRef = 2285023722879B5F0059AD7C /* config_empty.plist */; };
		2285026F22879BCC0059AD7C /* ConfigLoaderTests.swift in Sources */ = {isa = PBXBuildFile; fileRef = 2285023922879B5F0059AD7C /* ConfigLoaderTests.swift */; };
		22A214A023E25795003F7858 /* ReuseIdentifiable.swift in Sources */ = {isa = PBXBuildFile; fileRef = 22A2149F23E25795003F7858 /* ReuseIdentifiable.swift */; };
		22B3038923E1F5A600980E16 /* Alert.swift in Sources */ = {isa = PBXBuildFile; fileRef = 22B3038823E1F5A600980E16 /* Alert.swift */; };
/* End PBXBuildFile section */

/* Begin PBXContainerItemProxy section */
		22AC8C54212EE635000A0BE0 /* PBXContainerItemProxy */ = {
			isa = PBXContainerItemProxy;
			containerPortal = 22AC8C40212EE635000A0BE0 /* Project object */;
			proxyType = 1;
			remoteGlobalIDString = 22AC8C48212EE635000A0BE0;
			remoteInfo = Utilities;
		};
/* End PBXContainerItemProxy section */

/* Begin PBXFileReference section */
		221968752288C08500BF00FB /* NetworkResponseMock.swift */ = {isa = PBXFileReference; fileEncoding = 4; lastKnownFileType = sourcecode.swift; path = NetworkResponseMock.swift; sourceTree = "<group>"; };
		224642932432730200BE711E /* WebService.swift */ = {isa = PBXFileReference; fileEncoding = 4; lastKnownFileType = sourcecode.swift; path = WebService.swift; sourceTree = "<group>"; };
		224642952432730A00BE711E /* WebServiceConfig.swift */ = {isa = PBXFileReference; fileEncoding = 4; lastKnownFileType = sourcecode.swift; path = WebServiceConfig.swift; sourceTree = "<group>"; };
		225DF0DD2432C76700F2C2E7 /* JSONDecoder+Observable.swift */ = {isa = PBXFileReference; fileEncoding = 4; lastKnownFileType = sourcecode.swift; path = "JSONDecoder+Observable.swift"; sourceTree = "<group>"; };
		225DF0DF2432C90200F2C2E7 /* UseCase.swift */ = {isa = PBXFileReference; fileEncoding = 4; lastKnownFileType = sourcecode.swift; path = UseCase.swift; sourceTree = "<group>"; };
		2273F7B9227112E00027C7FC /* XCTest.framework */ = {isa = PBXFileReference; lastKnownFileType = wrapper.framework; name = XCTest.framework; path = Platforms/iPhoneOS.platform/Developer/Library/Frameworks/XCTest.framework; sourceTree = DEVELOPER_DIR; };
		2285021722879B5F0059AD7C /* Utils.h */ = {isa = PBXFileReference; fileEncoding = 4; lastKnownFileType = sourcecode.c.h; path = Utils.h; sourceTree = "<group>"; };
		2285021822879B5F0059AD7C /* Info.plist */ = {isa = PBXFileReference; fileEncoding = 4; lastKnownFileType = text.plist.xml; path = Info.plist; sourceTree = "<group>"; };
		2285021F22879B5F0059AD7C /* Collection+OptionalAt.swift */ = {isa = PBXFileReference; fileEncoding = 4; lastKnownFileType = sourcecode.swift; path = "Collection+OptionalAt.swift"; sourceTree = "<group>"; };
		2285022022879B5F0059AD7C /* UIColor+Hex.swift */ = {isa = PBXFileReference; fileEncoding = 4; lastKnownFileType = sourcecode.swift; path = "UIColor+Hex.swift"; sourceTree = "<group>"; };
		2285022322879B5F0059AD7C /* UIRefreshControl+Reactive.swift */ = {isa = PBXFileReference; fileEncoding = 4; lastKnownFileType = sourcecode.swift; path = "UIRefreshControl+Reactive.swift"; sourceTree = "<group>"; };
		2285022722879B5F0059AD7C /* UIAlertController+Alert.swift */ = {isa = PBXFileReference; fileEncoding = 4; lastKnownFileType = sourcecode.swift; path = "UIAlertController+Alert.swift"; sourceTree = "<group>"; };
		2285022E22879B5F0059AD7C /* ConfigMock.swift */ = {isa = PBXFileReference; fileEncoding = 4; lastKnownFileType = sourcecode.swift; path = ConfigMock.swift; sourceTree = "<group>"; };
		2285023122879B5F0059AD7C /* NetworkResponseValidatorSpy.swift */ = {isa = PBXFileReference; fileEncoding = 4; lastKnownFileType = sourcecode.swift; path = NetworkResponseValidatorSpy.swift; sourceTree = "<group>"; };
		2285023422879B5F0059AD7C /* NetworkSessionDataTaskSpy.swift */ = {isa = PBXFileReference; fileEncoding = 4; lastKnownFileType = sourcecode.swift; path = NetworkSessionDataTaskSpy.swift; sourceTree = "<group>"; };
		2285023622879B5F0059AD7C /* config.plist */ = {isa = PBXFileReference; fileEncoding = 4; lastKnownFileType = text.plist.xml; path = config.plist; sourceTree = "<group>"; };
		2285023722879B5F0059AD7C /* config_empty.plist */ = {isa = PBXFileReference; fileEncoding = 4; lastKnownFileType = text.plist.xml; path = config_empty.plist; sourceTree = "<group>"; };
		2285023822879B5F0059AD7C /* Info.plist */ = {isa = PBXFileReference; fileEncoding = 4; lastKnownFileType = text.plist.xml; path = Info.plist; sourceTree = "<group>"; };
		2285023922879B5F0059AD7C /* ConfigLoaderTests.swift */ = {isa = PBXFileReference; fileEncoding = 4; lastKnownFileType = sourcecode.swift; path = ConfigLoaderTests.swift; sourceTree = "<group>"; };
		2285023B22879B5F0059AD7C /* NetworkResponseValidatorTests.swift */ = {isa = PBXFileReference; fileEncoding = 4; lastKnownFileType = sourcecode.swift; path = NetworkResponseValidatorTests.swift; sourceTree = "<group>"; };
		22A2149F23E25795003F7858 /* ReuseIdentifiable.swift */ = {isa = PBXFileReference; lastKnownFileType = sourcecode.swift; path = ReuseIdentifiable.swift; sourceTree = "<group>"; };
		22AC8C49212EE635000A0BE0 /* Utils.framework */ = {isa = PBXFileReference; explicitFileType = wrapper.framework; includeInIndex = 0; path = Utils.framework; sourceTree = BUILT_PRODUCTS_DIR; };
		22AC8C52212EE635000A0BE0 /* UtilsTests.xctest */ = {isa = PBXFileReference; explicitFileType = wrapper.cfbundle; includeInIndex = 0; path = UtilsTests.xctest; sourceTree = BUILT_PRODUCTS_DIR; };
		22B3038823E1F5A600980E16 /* Alert.swift */ = {isa = PBXFileReference; fileEncoding = 4; lastKnownFileType = sourcecode.swift; path = Alert.swift; sourceTree = "<group>"; };
/* End PBXFileReference section */

/* Begin PBXFrameworksBuildPhase section */
		22AC8C46212EE635000A0BE0 /* Frameworks */ = {
			isa = PBXFrameworksBuildPhase;
			buildActionMask = 2147483647;
			files = (
				225EF9522430E6CE005D770F /* RxCocoa in Frameworks */,
				225EF9502430E6CB005D770F /* RxRelay in Frameworks */,
				2242F2CA2430D76800D2E0DC /* RxSwift in Frameworks */,
			);
			runOnlyForDeploymentPostprocessing = 0;
		};
		22AC8C4F212EE635000A0BE0 /* Frameworks */ = {
			isa = PBXFrameworksBuildPhase;
			buildActionMask = 2147483647;
			files = (
			);
			runOnlyForDeploymentPostprocessing = 0;
		};
/* End PBXFrameworksBuildPhase section */

/* Begin PBXGroup section */
		2285020E22879B5F0059AD7C /* Utils */ = {
			isa = PBXGroup;
			children = (
				22AC6EB2243283C100BB3CE6 /* WebService */,
				225DF0DD2432C76700F2C2E7 /* JSONDecoder+Observable.swift */,
				2285021F22879B5F0059AD7C /* Collection+OptionalAt.swift */,
				225DF0DF2432C90200F2C2E7 /* UseCase.swift */,
				22A2149E23E2576B003F7858 /* UI */,
				22B3038B23E1F63200980E16 /* Alert */,
				2285021622879B5F0059AD7C /* Resources */,
			);
			path = Utils;
			sourceTree = "<group>";
		};
		2285021622879B5F0059AD7C /* Resources */ = {
			isa = PBXGroup;
			children = (
				2285021722879B5F0059AD7C /* Utils.h */,
				2285021822879B5F0059AD7C /* Info.plist */,
			);
			path = Resources;
			sourceTree = "<group>";
		};
		2285022B22879B5F0059AD7C /* UtilsTests */ = {
			isa = PBXGroup;
			children = (
				2285023922879B5F0059AD7C /* ConfigLoaderTests.swift */,
				2285023B22879B5F0059AD7C /* NetworkResponseValidatorTests.swift */,
				2285022C22879B5F0059AD7C /* Mocks */,
				2285023022879B5F0059AD7C /* Spies */,
				2285023522879B5F0059AD7C /* Resources */,
			);
			path = UtilsTests;
			sourceTree = "<group>";
		};
		2285022C22879B5F0059AD7C /* Mocks */ = {
			isa = PBXGroup;
			children = (
				2285022E22879B5F0059AD7C /* ConfigMock.swift */,
				221968752288C08500BF00FB /* NetworkResponseMock.swift */,
			);
			path = Mocks;
			sourceTree = "<group>";
		};
		2285023022879B5F0059AD7C /* Spies */ = {
			isa = PBXGroup;
			children = (
				2285023122879B5F0059AD7C /* NetworkResponseValidatorSpy.swift */,
				2285023422879B5F0059AD7C /* NetworkSessionDataTaskSpy.swift */,
			);
			path = Spies;
			sourceTree = "<group>";
		};
		2285023522879B5F0059AD7C /* Resources */ = {
			isa = PBXGroup;
			children = (
				2285023622879B5F0059AD7C /* config.plist */,
				2285023722879B5F0059AD7C /* config_empty.plist */,
				2285023822879B5F0059AD7C /* Info.plist */,
			);
			path = Resources;
			sourceTree = "<group>";
		};
		22A2149E23E2576B003F7858 /* UI */ = {
			isa = PBXGroup;
			children = (
				22A2149F23E25795003F7858 /* ReuseIdentifiable.swift */,
				2285022322879B5F0059AD7C /* UIRefreshControl+Reactive.swift */,
				2285022022879B5F0059AD7C /* UIColor+Hex.swift */,
			);
			path = UI;
			sourceTree = "<group>";
		};
		22AC6EB2243283C100BB3CE6 /* WebService */ = {
			isa = PBXGroup;
			children = (
				224642932432730200BE711E /* WebService.swift */,
				224642952432730A00BE711E /* WebServiceConfig.swift */,
			);
			path = WebService;
			sourceTree = "<group>";
		};
		22AC8C3F212EE635000A0BE0 = {
			isa = PBXGroup;
			children = (
				2285020E22879B5F0059AD7C /* Utils */,
				2285022B22879B5F0059AD7C /* UtilsTests */,
				22AC8C4A212EE635000A0BE0 /* Products */,
				9B1CB214609DABFA088B4A6C /* Frameworks */,
			);
			sourceTree = "<group>";
		};
		22AC8C4A212EE635000A0BE0 /* Products */ = {
			isa = PBXGroup;
			children = (
				22AC8C49212EE635000A0BE0 /* Utils.framework */,
				22AC8C52212EE635000A0BE0 /* UtilsTests.xctest */,
			);
			name = Products;
			sourceTree = "<group>";
		};
		22B3038B23E1F63200980E16 /* Alert */ = {
			isa = PBXGroup;
			children = (
				22B3038823E1F5A600980E16 /* Alert.swift */,
				2285022722879B5F0059AD7C /* UIAlertController+Alert.swift */,
			);
			path = Alert;
			sourceTree = "<group>";
		};
		9B1CB214609DABFA088B4A6C /* Frameworks */ = {
			isa = PBXGroup;
			children = (
				2273F7B9227112E00027C7FC /* XCTest.framework */,
			);
			name = Frameworks;
			sourceTree = "<group>";
		};
/* End PBXGroup section */

/* Begin PBXHeadersBuildPhase section */
		22AC8C44212EE635000A0BE0 /* Headers */ = {
			isa = PBXHeadersBuildPhase;
			buildActionMask = 2147483647;
			files = (
				2285024222879B5F0059AD7C /* Utils.h in Headers */,
			);
			runOnlyForDeploymentPostprocessing = 0;
		};
/* End PBXHeadersBuildPhase section */

/* Begin PBXNativeTarget section */
		22AC8C48212EE635000A0BE0 /* Utils */ = {
			isa = PBXNativeTarget;
			buildConfigurationList = 22AC8C5D212EE635000A0BE0 /* Build configuration list for PBXNativeTarget "Utils" */;
			buildPhases = (
				22AC8C44212EE635000A0BE0 /* Headers */,
				22AC8C45212EE635000A0BE0 /* Sources */,
				22AC8C46212EE635000A0BE0 /* Frameworks */,
				22AC8C47212EE635000A0BE0 /* Resources */,
				22C327DA23D5CCF2001CCB5B /* SwiftLint */,
			);
			buildRules = (
			);
			dependencies = (
			);
			name = Utils;
			packageProductDependencies = (
				2242F2C92430D76800D2E0DC /* RxSwift */,
				225EF94F2430E6CB005D770F /* RxRelay */,
				225EF9512430E6CE005D770F /* RxCocoa */,
			);
			productName = Utilities;
			productReference = 22AC8C49212EE635000A0BE0 /* Utils.framework */;
			productType = "com.apple.product-type.framework";
		};
		22AC8C51212EE635000A0BE0 /* UtilsTests */ = {
			isa = PBXNativeTarget;
			buildConfigurationList = 22AC8C60212EE635000A0BE0 /* Build configuration list for PBXNativeTarget "UtilsTests" */;
			buildPhases = (
				22AC8C4E212EE635000A0BE0 /* Sources */,
				22AC8C4F212EE635000A0BE0 /* Frameworks */,
				22AC8C50212EE635000A0BE0 /* Resources */,
				22C327D923D5CCE1001CCB5B /* SwiftLint */,
			);
			buildRules = (
			);
			dependencies = (
				22AC8C55212EE635000A0BE0 /* PBXTargetDependency */,
			);
			name = UtilsTests;
			productName = UtilitiesTests;
			productReference = 22AC8C52212EE635000A0BE0 /* UtilsTests.xctest */;
			productType = "com.apple.product-type.bundle.unit-test";
		};
/* End PBXNativeTarget section */

/* Begin PBXProject section */
		22AC8C40212EE635000A0BE0 /* Project object */ = {
			isa = PBXProject;
			attributes = {
				LastSwiftUpdateCheck = 1000;
				LastUpgradeCheck = 1020;
				ORGANIZATIONNAME = "Tim Edwards";
				TargetAttributes = {
					22AC8C48212EE635000A0BE0 = {
						CreatedOnToolsVersion = 10.0;
						LastSwiftMigration = 1020;
					};
					22AC8C51212EE635000A0BE0 = {
						CreatedOnToolsVersion = 10.0;
						LastSwiftMigration = 1020;
					};
				};
			};
			buildConfigurationList = 22AC8C43212EE635000A0BE0 /* Build configuration list for PBXProject "Utils" */;
			compatibilityVersion = "Xcode 9.3";
			developmentRegion = en;
			hasScannedForEncodings = 0;
			knownRegions = (
				en,
				Base,
			);
			mainGroup = 22AC8C3F212EE635000A0BE0;
			packageReferences = (
				2242F2C62430D76800D2E0DC /* XCRemoteSwiftPackageReference "RxSwift" */,
			);
			productRefGroup = 22AC8C4A212EE635000A0BE0 /* Products */;
			projectDirPath = "";
			projectRoot = "";
			targets = (
				22AC8C48212EE635000A0BE0 /* Utils */,
				22AC8C51212EE635000A0BE0 /* UtilsTests */,
			);
		};
/* End PBXProject section */

/* Begin PBXResourcesBuildPhase section */
		22AC8C47212EE635000A0BE0 /* Resources */ = {
			isa = PBXResourcesBuildPhase;
			buildActionMask = 2147483647;
			files = (
			);
			runOnlyForDeploymentPostprocessing = 0;
		};
		22AC8C50212EE635000A0BE0 /* Resources */ = {
			isa = PBXResourcesBuildPhase;
			buildActionMask = 2147483647;
			files = (
				2285026D22879BCC0059AD7C /* config_empty.plist in Resources */,
				2285026C22879BCC0059AD7C /* config.plist in Resources */,
			);
			runOnlyForDeploymentPostprocessing = 0;
		};
/* End PBXResourcesBuildPhase section */

/* Begin PBXShellScriptBuildPhase section */
		22C327D923D5CCE1001CCB5B /* SwiftLint */ = {
			isa = PBXShellScriptBuildPhase;
			buildActionMask = 2147483647;
			files = (
			);
			inputFileListPaths = (
			);
			inputPaths = (
			);
			name = SwiftLint;
			outputFileListPaths = (
			);
			outputPaths = (
			);
			runOnlyForDeploymentPostprocessing = 0;
			shellPath = /bin/sh;
			shellScript = "# ../Tools/swiftlint-v0.39.1/swiftlint --config ../.swiftlint.yml\n";
		};
		22C327DA23D5CCF2001CCB5B /* SwiftLint */ = {
			isa = PBXShellScriptBuildPhase;
			buildActionMask = 2147483647;
			files = (
			);
			inputFileListPaths = (
			);
			inputPaths = (
			);
			name = SwiftLint;
			outputFileListPaths = (
			);
			outputPaths = (
			);
			runOnlyForDeploymentPostprocessing = 0;
			shellPath = /bin/sh;
			shellScript = "# ../Tools/swiftlint-v0.39.1/swiftlint --config ../.swiftlint.yml\n";
		};
/* End PBXShellScriptBuildPhase section */

/* Begin PBXSourcesBuildPhase section */
		22AC8C45212EE635000A0BE0 /* Sources */ = {
			isa = PBXSourcesBuildPhase;
			buildActionMask = 2147483647;
			files = (
				224642962432730A00BE711E /* WebServiceConfig.swift in Sources */,
				22B3038923E1F5A600980E16 /* Alert.swift in Sources */,
				2285024922879B5F0059AD7C /* UIColor+Hex.swift in Sources */,
				224642942432730200BE711E /* WebService.swift in Sources */,
				22A214A023E25795003F7858 /* ReuseIdentifiable.swift in Sources */,
				225DF0E02432C90200F2C2E7 /* UseCase.swift in Sources */,
				2285024C22879B5F0059AD7C /* UIRefreshControl+Reactive.swift in Sources */,
				2285025022879B5F0059AD7C /* UIAlertController+Alert.swift in Sources */,
				225DF0DE2432C76700F2C2E7 /* JSONDecoder+Observable.swift in Sources */,
				2285024822879B5F0059AD7C /* Collection+OptionalAt.swift in Sources */,
			);
			runOnlyForDeploymentPostprocessing = 0;
		};
		22AC8C4E212EE635000A0BE0 /* Sources */ = {
			isa = PBXSourcesBuildPhase;
			buildActionMask = 2147483647;
			files = (
				2285026B22879BCC0059AD7C /* NetworkSessionDataTaskSpy.swift in Sources */,
				2285026822879BCC0059AD7C /* NetworkResponseValidatorSpy.swift in Sources */,
				221968762288C08500BF00FB /* NetworkResponseMock.swift in Sources */,
				2285026F22879BCC0059AD7C /* ConfigLoaderTests.swift in Sources */,
				2285026622879BCC0059AD7C /* ConfigMock.swift in Sources */,
				2285026022879BBC0059AD7C /* NetworkResponseValidatorTests.swift in Sources */,
			);
			runOnlyForDeploymentPostprocessing = 0;
		};
/* End PBXSourcesBuildPhase section */

/* Begin PBXTargetDependency section */
		22AC8C55212EE635000A0BE0 /* PBXTargetDependency */ = {
			isa = PBXTargetDependency;
			target = 22AC8C48212EE635000A0BE0 /* Utils */;
			targetProxy = 22AC8C54212EE635000A0BE0 /* PBXContainerItemProxy */;
		};
/* End PBXTargetDependency section */

/* Begin XCBuildConfiguration section */
		22AC8C5B212EE635000A0BE0 /* Debug */ = {
			isa = XCBuildConfiguration;
			buildSettings = {
				ALWAYS_SEARCH_USER_PATHS = NO;
				CLANG_ANALYZER_NONNULL = YES;
				CLANG_ANALYZER_NUMBER_OBJECT_CONVERSION = YES_AGGRESSIVE;
				CLANG_CXX_LANGUAGE_STANDARD = "gnu++14";
				CLANG_CXX_LIBRARY = "libc++";
				CLANG_ENABLE_MODULES = YES;
				CLANG_ENABLE_OBJC_ARC = YES;
				CLANG_ENABLE_OBJC_WEAK = YES;
				CLANG_WARN_BLOCK_CAPTURE_AUTORELEASING = YES;
				CLANG_WARN_BOOL_CONVERSION = YES;
				CLANG_WARN_COMMA = YES;
				CLANG_WARN_CONSTANT_CONVERSION = YES;
				CLANG_WARN_DEPRECATED_OBJC_IMPLEMENTATIONS = YES;
				CLANG_WARN_DIRECT_OBJC_ISA_USAGE = YES_ERROR;
				CLANG_WARN_DOCUMENTATION_COMMENTS = YES;
				CLANG_WARN_EMPTY_BODY = YES;
				CLANG_WARN_ENUM_CONVERSION = YES;
				CLANG_WARN_INFINITE_RECURSION = YES;
				CLANG_WARN_INT_CONVERSION = YES;
				CLANG_WARN_NON_LITERAL_NULL_CONVERSION = YES;
				CLANG_WARN_OBJC_IMPLICIT_RETAIN_SELF = YES;
				CLANG_WARN_OBJC_LITERAL_CONVERSION = YES;
				CLANG_WARN_OBJC_ROOT_CLASS = YES_ERROR;
				CLANG_WARN_RANGE_LOOP_ANALYSIS = YES;
				CLANG_WARN_STRICT_PROTOTYPES = YES;
				CLANG_WARN_SUSPICIOUS_MOVE = YES;
				CLANG_WARN_UNGUARDED_AVAILABILITY = YES_AGGRESSIVE;
				CLANG_WARN_UNREACHABLE_CODE = YES;
				CLANG_WARN__DUPLICATE_METHOD_MATCH = YES;
				CODE_SIGN_IDENTITY = "iPhone Developer";
				COPY_PHASE_STRIP = NO;
				CURRENT_PROJECT_VERSION = 1;
				DEAD_CODE_STRIPPING = NO;
				DEBUG_INFORMATION_FORMAT = dwarf;
				ENABLE_BITCODE = NO;
				ENABLE_STRICT_OBJC_MSGSEND = YES;
				ENABLE_TESTABILITY = YES;
				GCC_C_LANGUAGE_STANDARD = gnu11;
				GCC_DYNAMIC_NO_PIC = NO;
				GCC_NO_COMMON_BLOCKS = YES;
				GCC_OPTIMIZATION_LEVEL = 0;
				GCC_PREPROCESSOR_DEFINITIONS = (
					"DEBUG=1",
					"$(inherited)",
				);
				GCC_WARN_64_TO_32_BIT_CONVERSION = YES;
				GCC_WARN_ABOUT_RETURN_TYPE = YES_ERROR;
				GCC_WARN_UNDECLARED_SELECTOR = YES;
				GCC_WARN_UNINITIALIZED_AUTOS = YES_AGGRESSIVE;
				GCC_WARN_UNUSED_FUNCTION = YES;
				GCC_WARN_UNUSED_VARIABLE = YES;
				INFOPLIST_FILE = "$(SRCROOT)/$(TARGETNAME)/Resources/Info.plist";
				IPHONEOS_DEPLOYMENT_TARGET = 12.2;
				MTL_ENABLE_DEBUG_INFO = INCLUDE_SOURCE;
				MTL_FAST_MATH = YES;
				ONLY_ACTIVE_ARCH = YES;
				PRODUCT_BUNDLE_IDENTIFIER = "com.timwredwards.$(TARGET_NAME)";
				PRODUCT_MODULE_NAME = "$(TARGET_NAME)";
				SDKROOT = iphoneos;
				SWIFT_ACTIVE_COMPILATION_CONDITIONS = DEBUG;
				SWIFT_OPTIMIZATION_LEVEL = "-Onone";
				SWIFT_VERSION = 5.0;
				VERSIONING_SYSTEM = "apple-generic";
				VERSION_INFO_PREFIX = "";
			};
			name = Debug;
		};
		22AC8C5C212EE635000A0BE0 /* Release */ = {
			isa = XCBuildConfiguration;
			buildSettings = {
				ALWAYS_SEARCH_USER_PATHS = NO;
				CLANG_ANALYZER_NONNULL = YES;
				CLANG_ANALYZER_NUMBER_OBJECT_CONVERSION = YES_AGGRESSIVE;
				CLANG_CXX_LANGUAGE_STANDARD = "gnu++14";
				CLANG_CXX_LIBRARY = "libc++";
				CLANG_ENABLE_MODULES = YES;
				CLANG_ENABLE_OBJC_ARC = YES;
				CLANG_ENABLE_OBJC_WEAK = YES;
				CLANG_WARN_BLOCK_CAPTURE_AUTORELEASING = YES;
				CLANG_WARN_BOOL_CONVERSION = YES;
				CLANG_WARN_COMMA = YES;
				CLANG_WARN_CONSTANT_CONVERSION = YES;
				CLANG_WARN_DEPRECATED_OBJC_IMPLEMENTATIONS = YES;
				CLANG_WARN_DIRECT_OBJC_ISA_USAGE = YES_ERROR;
				CLANG_WARN_DOCUMENTATION_COMMENTS = YES;
				CLANG_WARN_EMPTY_BODY = YES;
				CLANG_WARN_ENUM_CONVERSION = YES;
				CLANG_WARN_INFINITE_RECURSION = YES;
				CLANG_WARN_INT_CONVERSION = YES;
				CLANG_WARN_NON_LITERAL_NULL_CONVERSION = YES;
				CLANG_WARN_OBJC_IMPLICIT_RETAIN_SELF = YES;
				CLANG_WARN_OBJC_LITERAL_CONVERSION = YES;
				CLANG_WARN_OBJC_ROOT_CLASS = YES_ERROR;
				CLANG_WARN_RANGE_LOOP_ANALYSIS = YES;
				CLANG_WARN_STRICT_PROTOTYPES = YES;
				CLANG_WARN_SUSPICIOUS_MOVE = YES;
				CLANG_WARN_UNGUARDED_AVAILABILITY = YES_AGGRESSIVE;
				CLANG_WARN_UNREACHABLE_CODE = YES;
				CLANG_WARN__DUPLICATE_METHOD_MATCH = YES;
				CODE_SIGN_IDENTITY = "iPhone Developer";
				COPY_PHASE_STRIP = NO;
				CURRENT_PROJECT_VERSION = 1;
				DEAD_CODE_STRIPPING = NO;
				DEBUG_INFORMATION_FORMAT = "dwarf-with-dsym";
				ENABLE_BITCODE = NO;
				ENABLE_NS_ASSERTIONS = NO;
				ENABLE_STRICT_OBJC_MSGSEND = YES;
				GCC_C_LANGUAGE_STANDARD = gnu11;
				GCC_NO_COMMON_BLOCKS = YES;
				GCC_WARN_64_TO_32_BIT_CONVERSION = YES;
				GCC_WARN_ABOUT_RETURN_TYPE = YES_ERROR;
				GCC_WARN_UNDECLARED_SELECTOR = YES;
				GCC_WARN_UNINITIALIZED_AUTOS = YES_AGGRESSIVE;
				GCC_WARN_UNUSED_FUNCTION = YES;
				GCC_WARN_UNUSED_VARIABLE = YES;
				INFOPLIST_FILE = "$(SRCROOT)/$(TARGETNAME)/Resources/Info.plist";
				IPHONEOS_DEPLOYMENT_TARGET = 12.2;
				MTL_ENABLE_DEBUG_INFO = NO;
				MTL_FAST_MATH = YES;
				PRODUCT_BUNDLE_IDENTIFIER = "com.timwredwards.$(TARGET_NAME)";
				PRODUCT_MODULE_NAME = "$(TARGET_NAME)";
				SDKROOT = iphoneos;
				SWIFT_COMPILATION_MODE = wholemodule;
				SWIFT_OPTIMIZATION_LEVEL = "-O";
				SWIFT_VERSION = 5.0;
				VALIDATE_PRODUCT = YES;
				VERSIONING_SYSTEM = "apple-generic";
				VERSION_INFO_PREFIX = "";
			};
			name = Release;
		};
		22AC8C5E212EE635000A0BE0 /* Debug */ = {
			isa = XCBuildConfiguration;
			buildSettings = {
				CODE_SIGN_IDENTITY = "";
				CODE_SIGN_STYLE = Automatic;
				DEFINES_MODULE = YES;
				DEVELOPMENT_TEAM = P2H55DCRCL;
				DYLIB_COMPATIBILITY_VERSION = 1;
				DYLIB_CURRENT_VERSION = 1;
				DYLIB_INSTALL_NAME_BASE = "@rpath";
				FRAMEWORK_SEARCH_PATHS = "";
				INSTALL_PATH = "$(LOCAL_LIBRARY_DIR)/Frameworks";
				IPHONEOS_DEPLOYMENT_TARGET = 13.0;
				LD_RUNPATH_SEARCH_PATHS = (
					"$(inherited)",
					"@executable_path/Frameworks",
					"@loader_path/Frameworks",
				);
				PRODUCT_NAME = "$(TARGET_NAME:c99extidentifier)";
				SKIP_INSTALL = YES;
				SWIFT_VERSION = 5.0;
				TARGETED_DEVICE_FAMILY = "1,2";
			};
			name = Debug;
		};
		22AC8C5F212EE635000A0BE0 /* Release */ = {
			isa = XCBuildConfiguration;
			buildSettings = {
				CODE_SIGN_IDENTITY = "";
				CODE_SIGN_STYLE = Automatic;
				DEFINES_MODULE = YES;
				DEVELOPMENT_TEAM = P2H55DCRCL;
				DYLIB_COMPATIBILITY_VERSION = 1;
				DYLIB_CURRENT_VERSION = 1;
				DYLIB_INSTALL_NAME_BASE = "@rpath";
				FRAMEWORK_SEARCH_PATHS = "";
				INSTALL_PATH = "$(LOCAL_LIBRARY_DIR)/Frameworks";
				IPHONEOS_DEPLOYMENT_TARGET = 13.0;
				LD_RUNPATH_SEARCH_PATHS = (
					"$(inherited)",
					"@executable_path/Frameworks",
					"@loader_path/Frameworks",
				);
				PRODUCT_NAME = "$(TARGET_NAME:c99extidentifier)";
				SKIP_INSTALL = YES;
				SWIFT_VERSION = 5.0;
				TARGETED_DEVICE_FAMILY = "1,2";
			};
			name = Release;
		};
		22AC8C61212EE635000A0BE0 /* Debug */ = {
			isa = XCBuildConfiguration;
			buildSettings = {
				ALWAYS_EMBED_SWIFT_STANDARD_LIBRARIES = YES;
				CODE_SIGN_STYLE = Automatic;
				DEVELOPMENT_TEAM = P2H55DCRCL;
				LD_RUNPATH_SEARCH_PATHS = (
					"$(inherited)",
					"@executable_path/Frameworks",
					"@loader_path/Frameworks",
				);
				PRODUCT_NAME = "$(TARGET_NAME)";
				TARGETED_DEVICE_FAMILY = "1,2";
			};
			name = Debug;
		};
		22AC8C62212EE635000A0BE0 /* Release */ = {
			isa = XCBuildConfiguration;
			buildSettings = {
				ALWAYS_EMBED_SWIFT_STANDARD_LIBRARIES = YES;
				CODE_SIGN_STYLE = Automatic;
				DEVELOPMENT_TEAM = P2H55DCRCL;
				LD_RUNPATH_SEARCH_PATHS = (
					"$(inherited)",
					"@executable_path/Frameworks",
					"@loader_path/Frameworks",
				);
				PRODUCT_NAME = "$(TARGET_NAME)";
				TARGETED_DEVICE_FAMILY = "1,2";
			};
			name = Release;
		};
/* End XCBuildConfiguration section */

/* Begin XCConfigurationList section */
		22AC8C43212EE635000A0BE0 /* Build configuration list for PBXProject "Utils" */ = {
			isa = XCConfigurationList;
			buildConfigurations = (
				22AC8C5B212EE635000A0BE0 /* Debug */,
				22AC8C5C212EE635000A0BE0 /* Release */,
			);
			defaultConfigurationIsVisible = 0;
			defaultConfigurationName = Release;
		};
		22AC8C5D212EE635000A0BE0 /* Build configuration list for PBXNativeTarget "Utils" */ = {
			isa = XCConfigurationList;
			buildConfigurations = (
				22AC8C5E212EE635000A0BE0 /* Debug */,
				22AC8C5F212EE635000A0BE0 /* Release */,
			);
			defaultConfigurationIsVisible = 0;
			defaultConfigurationName = Release;
		};
		22AC8C60212EE635000A0BE0 /* Build configuration list for PBXNativeTarget "UtilsTests" */ = {
			isa = XCConfigurationList;
			buildConfigurations = (
				22AC8C61212EE635000A0BE0 /* Debug */,
				22AC8C62212EE635000A0BE0 /* Release */,
			);
			defaultConfigurationIsVisible = 0;
			defaultConfigurationName = Release;
		};
/* End XCConfigurationList section */

/* Begin XCRemoteSwiftPackageReference section */
		2242F2C62430D76800D2E0DC /* XCRemoteSwiftPackageReference "RxSwift" */ = {
			isa = XCRemoteSwiftPackageReference;
			repositoryURL = "https://github.com/ReactiveX/RxSwift";
			requirement = {
				kind = upToNextMajorVersion;
				minimumVersion = 5.1.1;
			};
		};
/* End XCRemoteSwiftPackageReference section */

/* Begin XCSwiftPackageProductDependency section */
		2242F2C92430D76800D2E0DC /* RxSwift */ = {
			isa = XCSwiftPackageProductDependency;
			package = 2242F2C62430D76800D2E0DC /* XCRemoteSwiftPackageReference "RxSwift" */;
			productName = RxSwift;
		};
		225EF94F2430E6CB005D770F /* RxRelay */ = {
			isa = XCSwiftPackageProductDependency;
			package = 2242F2C62430D76800D2E0DC /* XCRemoteSwiftPackageReference "RxSwift" */;
			productName = RxRelay;
		};
		225EF9512430E6CE005D770F /* RxCocoa */ = {
			isa = XCSwiftPackageProductDependency;
			package = 2242F2C62430D76800D2E0DC /* XCRemoteSwiftPackageReference "RxSwift" */;
			productName = RxCocoa;
		};
/* End XCSwiftPackageProductDependency section */
	};
	rootObject = 22AC8C40212EE635000A0BE0 /* Project object */;
}
