// !$*UTF8*$!
{
	archiveVersion = 1;
	classes = {
	};
	objectVersion = 50;
	objects = {

/* Begin PBXBuildFile section */
		221830E6210F1F7600FA1E13 /* PortfolioInteractorTests.swift in Sources */ = {isa = PBXBuildFile; fileRef = 221830E5210F1F7600FA1E13 /* PortfolioInteractorTests.swift */; };
		221830F2210FDA5900FA1E13 /* PortfolioPresenterTests.swift in Sources */ = {isa = PBXBuildFile; fileRef = 221830F1210FDA5900FA1E13 /* PortfolioPresenterTests.swift */; };
		221DB1112130ABE20031A401 /* Services.framework in Frameworks */ = {isa = PBXBuildFile; fileRef = 221DB1102130ABE20031A401 /* Services.framework */; };
		221DB1192130B1830031A401 /* ViewListingPresenter.swift in Sources */ = {isa = PBXBuildFile; fileRef = 221DB1132130B1830031A401 /* ViewListingPresenter.swift */; };
		221DB11A2130B1830031A401 /* ViewListingInteractor.swift in Sources */ = {isa = PBXBuildFile; fileRef = 221DB1142130B1830031A401 /* ViewListingInteractor.swift */; };
		221DB11B2130B1830031A401 /* ViewListingViewController.swift in Sources */ = {isa = PBXBuildFile; fileRef = 221DB1152130B1830031A401 /* ViewListingViewController.swift */; };
		221DB11C2130B1830031A401 /* ListingScene.swift in Sources */ = {isa = PBXBuildFile; fileRef = 221DB1162130B1830031A401 /* ListingScene.swift */; };
		221DB11D2130B1830031A401 /* ViewListingView.swift in Sources */ = {isa = PBXBuildFile; fileRef = 221DB1172130B1830031A401 /* ViewListingView.swift */; };
		221DB11E2130B1830031A401 /* ViewListingRouter.swift in Sources */ = {isa = PBXBuildFile; fileRef = 221DB1182130B1830031A401 /* ViewListingRouter.swift */; };
		221F3ECA212F3A7B00907255 /* Utilities.framework in Frameworks */ = {isa = PBXBuildFile; fileRef = 221F3EC9212F3A7B00907255 /* Utilities.framework */; };
		221F3EEB212F4A4100907255 /* Seeds.swift in Sources */ = {isa = PBXBuildFile; fileRef = 221F3EE9212F4A4100907255 /* Seeds.swift */; };
		221F3EEC212F4A4100907255 /* collection.json in Resources */ = {isa = PBXBuildFile; fileRef = 221F3EEA212F4A4100907255 /* collection.json */; };
		22AC8C8E212EEA02000A0BE0 /* Assets.xcassets in Resources */ = {isa = PBXBuildFile; fileRef = 22AC8C75212EEA02000A0BE0 /* Assets.xcassets */; };
		22AC8C8F212EEA02000A0BE0 /* LaunchScreen.storyboard in Resources */ = {isa = PBXBuildFile; fileRef = 22AC8C76212EEA02000A0BE0 /* LaunchScreen.storyboard */; };
		22AC8C91212EEA02000A0BE0 /* Rijksmuseum.xcdatamodeld in Sources */ = {isa = PBXBuildFile; fileRef = 22AC8C79212EEA02000A0BE0 /* Rijksmuseum.xcdatamodeld */; };
		22AC8C92212EEA02000A0BE0 /* Rijksmuseum-Normal.ttf in Resources */ = {isa = PBXBuildFile; fileRef = 22AC8C7C212EEA02000A0BE0 /* Rijksmuseum-Normal.ttf */; };
		22AC8C93212EEA02000A0BE0 /* Rijksmuseum-Bold.ttf in Resources */ = {isa = PBXBuildFile; fileRef = 22AC8C7D212EEA02000A0BE0 /* Rijksmuseum-Bold.ttf */; };
		22AC8C95212EEA02000A0BE0 /* PortfolioRouter.swift in Sources */ = {isa = PBXBuildFile; fileRef = 22AC8C81212EEA02000A0BE0 /* PortfolioRouter.swift */; };
		22AC8C96212EEA02000A0BE0 /* PortfolioViewController.swift in Sources */ = {isa = PBXBuildFile; fileRef = 22AC8C82212EEA02000A0BE0 /* PortfolioViewController.swift */; };
		22AC8C97212EEA02000A0BE0 /* PortfolioScene.swift in Sources */ = {isa = PBXBuildFile; fileRef = 22AC8C83212EEA02000A0BE0 /* PortfolioScene.swift */; };
		22AC8C98212EEA02000A0BE0 /* PortfolioPresenter.swift in Sources */ = {isa = PBXBuildFile; fileRef = 22AC8C84212EEA02000A0BE0 /* PortfolioPresenter.swift */; };
		22AC8C99212EEA02000A0BE0 /* PortfolioInteractor.swift in Sources */ = {isa = PBXBuildFile; fileRef = 22AC8C85212EEA02000A0BE0 /* PortfolioInteractor.swift */; };
		22AC8C9A212EEA02000A0BE0 /* PortfolioView.swift in Sources */ = {isa = PBXBuildFile; fileRef = 22AC8C86212EEA02000A0BE0 /* PortfolioView.swift */; };
		22AC8C9F212EEA02000A0BE0 /* AppDelegate.swift in Sources */ = {isa = PBXBuildFile; fileRef = 22AC8C8D212EEA02000A0BE0 /* AppDelegate.swift */; };
		22C9BF20212F2EE1000D15E6 /* LiveAPIConfig.swift in Sources */ = {isa = PBXBuildFile; fileRef = 22C9BF1F212F2EE1000D15E6 /* LiveAPIConfig.swift */; };
		5A8C1210C1A4D88029384924 /* Pods_AppTests.framework in Frameworks */ = {isa = PBXBuildFile; fileRef = D423CE397C56E04579F7E1E1 /* Pods_AppTests.framework */; };
		D32F2D023CE356875C5E4FD7 /* Pods_App.framework in Frameworks */ = {isa = PBXBuildFile; fileRef = EB77412EEC4466EA87789A04 /* Pods_App.framework */; };
/* End PBXBuildFile section */

/* Begin PBXContainerItemProxy section */
		22706C9920FE510F006E27EE /* PBXContainerItemProxy */ = {
			isa = PBXContainerItemProxy;
			containerPortal = 22706C7920FE510E006E27EE /* Project object */;
			proxyType = 1;
			remoteGlobalIDString = 22706C8020FE510E006E27EE;
			remoteInfo = Rijksmuseum;
		};
/* End PBXContainerItemProxy section */

/* Begin PBXFileReference section */
		0B943DC2858758823077F507 /* Pods-App.debug.xcconfig */ = {isa = PBXFileReference; includeInIndex = 1; lastKnownFileType = text.xcconfig; name = "Pods-App.debug.xcconfig"; path = "../Pods/Target Support Files/Pods-App/Pods-App.debug.xcconfig"; sourceTree = "<group>"; };
		221830E5210F1F7600FA1E13 /* PortfolioInteractorTests.swift */ = {isa = PBXFileReference; lastKnownFileType = sourcecode.swift; path = PortfolioInteractorTests.swift; sourceTree = "<group>"; };
		221830F1210FDA5900FA1E13 /* PortfolioPresenterTests.swift */ = {isa = PBXFileReference; fileEncoding = 4; lastKnownFileType = sourcecode.swift; path = PortfolioPresenterTests.swift; sourceTree = "<group>"; };
		221DB1102130ABE20031A401 /* Services.framework */ = {isa = PBXFileReference; explicitFileType = wrapper.framework; path = Services.framework; sourceTree = BUILT_PRODUCTS_DIR; };
		221DB1132130B1830031A401 /* ViewListingPresenter.swift */ = {isa = PBXFileReference; fileEncoding = 4; lastKnownFileType = sourcecode.swift; path = ViewListingPresenter.swift; sourceTree = "<group>"; };
		221DB1142130B1830031A401 /* ViewListingInteractor.swift */ = {isa = PBXFileReference; fileEncoding = 4; lastKnownFileType = sourcecode.swift; path = ViewListingInteractor.swift; sourceTree = "<group>"; };
		221DB1152130B1830031A401 /* ViewListingViewController.swift */ = {isa = PBXFileReference; fileEncoding = 4; lastKnownFileType = sourcecode.swift; path = ViewListingViewController.swift; sourceTree = "<group>"; };
		221DB1162130B1830031A401 /* ListingScene.swift */ = {isa = PBXFileReference; fileEncoding = 4; lastKnownFileType = sourcecode.swift; path = ListingScene.swift; sourceTree = "<group>"; };
		221DB1172130B1830031A401 /* ViewListingView.swift */ = {isa = PBXFileReference; fileEncoding = 4; lastKnownFileType = sourcecode.swift; path = ViewListingView.swift; sourceTree = "<group>"; };
		221DB1182130B1830031A401 /* ViewListingRouter.swift */ = {isa = PBXFileReference; fileEncoding = 4; lastKnownFileType = sourcecode.swift; path = ViewListingRouter.swift; sourceTree = "<group>"; };
		221F3EC9212F3A7B00907255 /* Utilities.framework */ = {isa = PBXFileReference; explicitFileType = wrapper.framework; path = Utilities.framework; sourceTree = BUILT_PRODUCTS_DIR; };
		221F3EE9212F4A4100907255 /* Seeds.swift */ = {isa = PBXFileReference; fileEncoding = 4; lastKnownFileType = sourcecode.swift; path = Seeds.swift; sourceTree = "<group>"; };
		221F3EEA212F4A4100907255 /* collection.json */ = {isa = PBXFileReference; fileEncoding = 4; lastKnownFileType = text.json; path = collection.json; sourceTree = "<group>"; };
		22706C8120FE510E006E27EE /* App.app */ = {isa = PBXFileReference; explicitFileType = wrapper.application; includeInIndex = 0; path = App.app; sourceTree = BUILT_PRODUCTS_DIR; };
		22706C9820FE510F006E27EE /* AppTests.xctest */ = {isa = PBXFileReference; explicitFileType = wrapper.cfbundle; includeInIndex = 0; path = AppTests.xctest; sourceTree = BUILT_PRODUCTS_DIR; };
		22706C9E20FE5110006E27EE /* Info.plist */ = {isa = PBXFileReference; lastKnownFileType = text.plist.xml; name = Info.plist; path = ../../App/Misc/Info.plist; sourceTree = "<group>"; };
		2289A5C8212F11F700787E2B /* Pods_Utility.framework */ = {isa = PBXFileReference; explicitFileType = wrapper.framework; path = Pods_Utility.framework; sourceTree = BUILT_PRODUCTS_DIR; };
		2289A5CA212F121400787E2B /* Utility.framework */ = {isa = PBXFileReference; explicitFileType = wrapper.framework; path = Utility.framework; sourceTree = BUILT_PRODUCTS_DIR; };
		22AC8C75212EEA02000A0BE0 /* Assets.xcassets */ = {isa = PBXFileReference; lastKnownFileType = folder.assetcatalog; path = Assets.xcassets; sourceTree = "<group>"; };
		22AC8C77212EEA02000A0BE0 /* Base */ = {isa = PBXFileReference; lastKnownFileType = file.storyboard; name = Base; path = Base.lproj/LaunchScreen.storyboard; sourceTree = "<group>"; };
		22AC8C7A212EEA02000A0BE0 /* Rijksmuseum.xcdatamodel */ = {isa = PBXFileReference; lastKnownFileType = wrapper.xcdatamodel; path = Rijksmuseum.xcdatamodel; sourceTree = "<group>"; };
		22AC8C7C212EEA02000A0BE0 /* Rijksmuseum-Normal.ttf */ = {isa = PBXFileReference; lastKnownFileType = file; path = "Rijksmuseum-Normal.ttf"; sourceTree = "<group>"; };
		22AC8C7D212EEA02000A0BE0 /* Rijksmuseum-Bold.ttf */ = {isa = PBXFileReference; lastKnownFileType = file; path = "Rijksmuseum-Bold.ttf"; sourceTree = "<group>"; };
		22AC8C7E212EEA02000A0BE0 /* Info.plist */ = {isa = PBXFileReference; fileEncoding = 4; lastKnownFileType = text.plist.xml; path = Info.plist; sourceTree = "<group>"; };
		22AC8C81212EEA02000A0BE0 /* PortfolioRouter.swift */ = {isa = PBXFileReference; fileEncoding = 4; lastKnownFileType = sourcecode.swift; path = PortfolioRouter.swift; sourceTree = "<group>"; };
		22AC8C82212EEA02000A0BE0 /* PortfolioViewController.swift */ = {isa = PBXFileReference; fileEncoding = 4; lastKnownFileType = sourcecode.swift; path = PortfolioViewController.swift; sourceTree = "<group>"; };
		22AC8C83212EEA02000A0BE0 /* PortfolioScene.swift */ = {isa = PBXFileReference; fileEncoding = 4; lastKnownFileType = sourcecode.swift; path = PortfolioScene.swift; sourceTree = "<group>"; };
		22AC8C84212EEA02000A0BE0 /* PortfolioPresenter.swift */ = {isa = PBXFileReference; fileEncoding = 4; lastKnownFileType = sourcecode.swift; path = PortfolioPresenter.swift; sourceTree = "<group>"; };
		22AC8C85212EEA02000A0BE0 /* PortfolioInteractor.swift */ = {isa = PBXFileReference; fileEncoding = 4; lastKnownFileType = sourcecode.swift; path = PortfolioInteractor.swift; sourceTree = "<group>"; };
		22AC8C86212EEA02000A0BE0 /* PortfolioView.swift */ = {isa = PBXFileReference; fileEncoding = 4; lastKnownFileType = sourcecode.swift; path = PortfolioView.swift; sourceTree = "<group>"; };
		22AC8C8D212EEA02000A0BE0 /* AppDelegate.swift */ = {isa = PBXFileReference; fileEncoding = 4; lastKnownFileType = sourcecode.swift; path = AppDelegate.swift; sourceTree = "<group>"; };
		22C9BF19212F2DFE000D15E6 /* Workers.framework */ = {isa = PBXFileReference; explicitFileType = wrapper.framework; path = Workers.framework; sourceTree = BUILT_PRODUCTS_DIR; };
		22C9BF1F212F2EE1000D15E6 /* LiveAPIConfig.swift */ = {isa = PBXFileReference; fileEncoding = 4; lastKnownFileType = sourcecode.swift; path = LiveAPIConfig.swift; sourceTree = "<group>"; };
		22D88AEE212EF67E006E96AF /* Utilities.framework */ = {isa = PBXFileReference; explicitFileType = wrapper.framework; path = Utilities.framework; sourceTree = BUILT_PRODUCTS_DIR; };
		230A03C686A9C5E28B0806F6 /* Pods-App.release.xcconfig */ = {isa = PBXFileReference; includeInIndex = 1; lastKnownFileType = text.xcconfig; name = "Pods-App.release.xcconfig"; path = "../Pods/Target Support Files/Pods-App/Pods-App.release.xcconfig"; sourceTree = "<group>"; };
		69D1288B754CBC0298CD5852 /* Pods-App-AppTests.debug.xcconfig */ = {isa = PBXFileReference; includeInIndex = 1; lastKnownFileType = text.xcconfig; name = "Pods-App-AppTests.debug.xcconfig"; path = "../Pods/Target Support Files/Pods-App-AppTests/Pods-App-AppTests.debug.xcconfig"; sourceTree = "<group>"; };
		6C3A0B5AD9C72E3216153767 /* Pods-AppTests.debug.xcconfig */ = {isa = PBXFileReference; includeInIndex = 1; lastKnownFileType = text.xcconfig; name = "Pods-AppTests.debug.xcconfig"; path = "../Pods/Target Support Files/Pods-AppTests/Pods-AppTests.debug.xcconfig"; sourceTree = "<group>"; };
		8AEB67FFE56F29B1BB419619 /* Pods_App_AppTests.framework */ = {isa = PBXFileReference; explicitFileType = wrapper.framework; includeInIndex = 0; path = Pods_App_AppTests.framework; sourceTree = BUILT_PRODUCTS_DIR; };
		A6842CACC1BC8AA7FF8321F7 /* Pods-App-AppTests.release.xcconfig */ = {isa = PBXFileReference; includeInIndex = 1; lastKnownFileType = text.xcconfig; name = "Pods-App-AppTests.release.xcconfig"; path = "../Pods/Target Support Files/Pods-App-AppTests/Pods-App-AppTests.release.xcconfig"; sourceTree = "<group>"; };
		D423CE397C56E04579F7E1E1 /* Pods_AppTests.framework */ = {isa = PBXFileReference; explicitFileType = wrapper.framework; includeInIndex = 0; path = Pods_AppTests.framework; sourceTree = BUILT_PRODUCTS_DIR; };
		EB77412EEC4466EA87789A04 /* Pods_App.framework */ = {isa = PBXFileReference; explicitFileType = wrapper.framework; includeInIndex = 0; path = Pods_App.framework; sourceTree = BUILT_PRODUCTS_DIR; };
		F2E478E835DAB42EFD728656 /* Pods-AppTests.release.xcconfig */ = {isa = PBXFileReference; includeInIndex = 1; lastKnownFileType = text.xcconfig; name = "Pods-AppTests.release.xcconfig"; path = "../Pods/Target Support Files/Pods-AppTests/Pods-AppTests.release.xcconfig"; sourceTree = "<group>"; };
/* End PBXFileReference section */

/* Begin PBXFrameworksBuildPhase section */
		22706C7E20FE510E006E27EE /* Frameworks */ = {
			isa = PBXFrameworksBuildPhase;
			buildActionMask = 2147483647;
			files = (
				221DB1112130ABE20031A401 /* Services.framework in Frameworks */,
				221F3ECA212F3A7B00907255 /* Utilities.framework in Frameworks */,
				D32F2D023CE356875C5E4FD7 /* Pods_App.framework in Frameworks */,
			);
			runOnlyForDeploymentPostprocessing = 0;
		};
		22706C9520FE510F006E27EE /* Frameworks */ = {
			isa = PBXFrameworksBuildPhase;
			buildActionMask = 2147483647;
			files = (
				5A8C1210C1A4D88029384924 /* Pods_AppTests.framework in Frameworks */,
			);
			runOnlyForDeploymentPostprocessing = 0;
		};
/* End PBXFrameworksBuildPhase section */

/* Begin PBXGroup section */
		221830E7210F1FC200FA1E13 /* Portfolio */ = {
			isa = PBXGroup;
			children = (
				221830E5210F1F7600FA1E13 /* PortfolioInteractorTests.swift */,
				221830F1210FDA5900FA1E13 /* PortfolioPresenterTests.swift */,
			);
			path = Portfolio;
			sourceTree = "<group>";
		};
		221830E8210F1FC900FA1E13 /* Scenes */ = {
			isa = PBXGroup;
			children = (
				221830E7210F1FC200FA1E13 /* Portfolio */,
			);
			path = Scenes;
			sourceTree = "<group>";
		};
		221DB1122130B1830031A401 /* Listing */ = {
			isa = PBXGroup;
			children = (
				221DB1162130B1830031A401 /* ListingScene.swift */,
				221DB1142130B1830031A401 /* ViewListingInteractor.swift */,
				221DB1132130B1830031A401 /* ViewListingPresenter.swift */,
				221DB1152130B1830031A401 /* ViewListingViewController.swift */,
				221DB1172130B1830031A401 /* ViewListingView.swift */,
				221DB1182130B1830031A401 /* ViewListingRouter.swift */,
			);
			path = Listing;
			sourceTree = "<group>";
		};
		221F3EE8212F4A4100907255 /* Seeds */ = {
			isa = PBXGroup;
			children = (
				221F3EE9212F4A4100907255 /* Seeds.swift */,
				221F3EEA212F4A4100907255 /* collection.json */,
			);
			path = Seeds;
			sourceTree = "<group>";
		};
		22706C7820FE510E006E27EE = {
			isa = PBXGroup;
			children = (
				22AC8C73212EEA02000A0BE0 /* App */,
				22706C9B20FE5110006E27EE /* AppTests */,
				22706C8220FE510E006E27EE /* Products */,
				A10F01533FEF44811CAB0213 /* Frameworks */,
				A3AC3B27D572A786A3DBA8F8 /* Pods */,
			);
			sourceTree = "<group>";
		};
		22706C8220FE510E006E27EE /* Products */ = {
			isa = PBXGroup;
			children = (
				22706C8120FE510E006E27EE /* App.app */,
				22706C9820FE510F006E27EE /* AppTests.xctest */,
			);
			name = Products;
			sourceTree = "<group>";
		};
		22706C9B20FE5110006E27EE /* AppTests */ = {
			isa = PBXGroup;
			children = (
				221F3EE8212F4A4100907255 /* Seeds */,
				221830E8210F1FC900FA1E13 /* Scenes */,
				22E1E73A211532DB0050FB88 /* Resources */,
			);
			path = AppTests;
			sourceTree = "<group>";
		};
		22AC8C73212EEA02000A0BE0 /* App */ = {
			isa = PBXGroup;
			children = (
				22AC8C8D212EEA02000A0BE0 /* AppDelegate.swift */,
				22C9BF1F212F2EE1000D15E6 /* LiveAPIConfig.swift */,
				22AC8C7F212EEA02000A0BE0 /* Scenes */,
				22AC8C74212EEA02000A0BE0 /* Resources */,
			);
			path = App;
			sourceTree = "<group>";
		};
		22AC8C74212EEA02000A0BE0 /* Resources */ = {
			isa = PBXGroup;
			children = (
				22AC8C75212EEA02000A0BE0 /* Assets.xcassets */,
				22AC8C76212EEA02000A0BE0 /* LaunchScreen.storyboard */,
				22AC8C79212EEA02000A0BE0 /* Rijksmuseum.xcdatamodeld */,
				22AC8C7B212EEA02000A0BE0 /* Fonts */,
				22AC8C7E212EEA02000A0BE0 /* Info.plist */,
			);
			path = Resources;
			sourceTree = "<group>";
		};
		22AC8C7B212EEA02000A0BE0 /* Fonts */ = {
			isa = PBXGroup;
			children = (
				22AC8C7C212EEA02000A0BE0 /* Rijksmuseum-Normal.ttf */,
				22AC8C7D212EEA02000A0BE0 /* Rijksmuseum-Bold.ttf */,
			);
			path = Fonts;
			sourceTree = "<group>";
		};
		22AC8C7F212EEA02000A0BE0 /* Scenes */ = {
			isa = PBXGroup;
			children = (
				22AC8C80212EEA02000A0BE0 /* Portfolio */,
				221DB1122130B1830031A401 /* Listing */,
			);
			path = Scenes;
			sourceTree = "<group>";
		};
		22AC8C80212EEA02000A0BE0 /* Portfolio */ = {
			isa = PBXGroup;
			children = (
				22AC8C83212EEA02000A0BE0 /* PortfolioScene.swift */,
				22AC8C85212EEA02000A0BE0 /* PortfolioInteractor.swift */,
				22AC8C84212EEA02000A0BE0 /* PortfolioPresenter.swift */,
				22AC8C82212EEA02000A0BE0 /* PortfolioViewController.swift */,
				22AC8C86212EEA02000A0BE0 /* PortfolioView.swift */,
				22AC8C81212EEA02000A0BE0 /* PortfolioRouter.swift */,
			);
			path = Portfolio;
			sourceTree = "<group>";
		};
		22E1E73A211532DB0050FB88 /* Resources */ = {
			isa = PBXGroup;
			children = (
				22706C9E20FE5110006E27EE /* Info.plist */,
			);
			path = Resources;
			sourceTree = "<group>";
		};
		A10F01533FEF44811CAB0213 /* Frameworks */ = {
			isa = PBXGroup;
			children = (
				221DB1102130ABE20031A401 /* Services.framework */,
				221F3EC9212F3A7B00907255 /* Utilities.framework */,
				22C9BF19212F2DFE000D15E6 /* Workers.framework */,
				2289A5CA212F121400787E2B /* Utility.framework */,
				2289A5C8212F11F700787E2B /* Pods_Utility.framework */,
				22D88AEE212EF67E006E96AF /* Utilities.framework */,
				EB77412EEC4466EA87789A04 /* Pods_App.framework */,
				D423CE397C56E04579F7E1E1 /* Pods_AppTests.framework */,
				8AEB67FFE56F29B1BB419619 /* Pods_App_AppTests.framework */,
			);
			name = Frameworks;
			sourceTree = "<group>";
		};
		A3AC3B27D572A786A3DBA8F8 /* Pods */ = {
			isa = PBXGroup;
			children = (
				0B943DC2858758823077F507 /* Pods-App.debug.xcconfig */,
				230A03C686A9C5E28B0806F6 /* Pods-App.release.xcconfig */,
				6C3A0B5AD9C72E3216153767 /* Pods-AppTests.debug.xcconfig */,
				F2E478E835DAB42EFD728656 /* Pods-AppTests.release.xcconfig */,
				69D1288B754CBC0298CD5852 /* Pods-App-AppTests.debug.xcconfig */,
				A6842CACC1BC8AA7FF8321F7 /* Pods-App-AppTests.release.xcconfig */,
			);
			name = Pods;
			sourceTree = "<group>";
		};
/* End PBXGroup section */

/* Begin PBXNativeTarget section */
		22706C8020FE510E006E27EE /* App */ = {
			isa = PBXNativeTarget;
			buildConfigurationList = 22706CA120FE5110006E27EE /* Build configuration list for PBXNativeTarget "App" */;
			buildPhases = (
				04E7707B60560C2984D8E04B /* [CP] Check Pods Manifest.lock */,
				22706C7D20FE510E006E27EE /* Sources */,
				22706C7E20FE510E006E27EE /* Frameworks */,
				22706C7F20FE510E006E27EE /* Resources */,
				DA60CC8F2A4B9645FAA4A369 /* [CP] Embed Pods Frameworks */,
			);
			buildRules = (
			);
			dependencies = (
			);
			name = App;
			productName = Rijksmuseum;
			productReference = 22706C8120FE510E006E27EE /* App.app */;
			productType = "com.apple.product-type.application";
		};
		22706C9720FE510F006E27EE /* AppTests */ = {
			isa = PBXNativeTarget;
			buildConfigurationList = 22706CA420FE5110006E27EE /* Build configuration list for PBXNativeTarget "AppTests" */;
			buildPhases = (
				6BDBE707CFDECABC30817B30 /* [CP] Check Pods Manifest.lock */,
				22706C9420FE510F006E27EE /* Sources */,
				22706C9520FE510F006E27EE /* Frameworks */,
				22706C9620FE510F006E27EE /* Resources */,
			);
			buildRules = (
			);
			dependencies = (
				22706C9A20FE510F006E27EE /* PBXTargetDependency */,
			);
			name = AppTests;
			productName = RijksmuseumTests;
			productReference = 22706C9820FE510F006E27EE /* AppTests.xctest */;
			productType = "com.apple.product-type.bundle.unit-test";
		};
/* End PBXNativeTarget section */

/* Begin PBXProject section */
		22706C7920FE510E006E27EE /* Project object */ = {
			isa = PBXProject;
			attributes = {
				LastSwiftUpdateCheck = 0940;
				LastUpgradeCheck = 0940;
				ORGANIZATIONNAME = "Tim Edwards";
				TargetAttributes = {
					22706C8020FE510E006E27EE = {
						CreatedOnToolsVersion = 9.4.1;
						LastSwiftMigration = 1000;
					};
					22706C9720FE510F006E27EE = {
						CreatedOnToolsVersion = 9.4.1;
						LastSwiftMigration = 1000;
						TestTargetID = 22706C8020FE510E006E27EE;
					};
				};
			};
			buildConfigurationList = 22706C7C20FE510E006E27EE /* Build configuration list for PBXProject "App" */;
			compatibilityVersion = "Xcode 9.3";
			developmentRegion = en;
			hasScannedForEncodings = 0;
			knownRegions = (
				en,
				Base,
			);
			mainGroup = 22706C7820FE510E006E27EE;
			productRefGroup = 22706C8220FE510E006E27EE /* Products */;
			projectDirPath = "";
			projectRoot = "";
			targets = (
				22706C8020FE510E006E27EE /* App */,
				22706C9720FE510F006E27EE /* AppTests */,
			);
		};
/* End PBXProject section */

/* Begin PBXResourcesBuildPhase section */
		22706C7F20FE510E006E27EE /* Resources */ = {
			isa = PBXResourcesBuildPhase;
			buildActionMask = 2147483647;
			files = (
				22AC8C93212EEA02000A0BE0 /* Rijksmuseum-Bold.ttf in Resources */,
				22AC8C8E212EEA02000A0BE0 /* Assets.xcassets in Resources */,
				22AC8C8F212EEA02000A0BE0 /* LaunchScreen.storyboard in Resources */,
				22AC8C92212EEA02000A0BE0 /* Rijksmuseum-Normal.ttf in Resources */,
			);
			runOnlyForDeploymentPostprocessing = 0;
		};
		22706C9620FE510F006E27EE /* Resources */ = {
			isa = PBXResourcesBuildPhase;
			buildActionMask = 2147483647;
			files = (
				221F3EEC212F4A4100907255 /* collection.json in Resources */,
			);
			runOnlyForDeploymentPostprocessing = 0;
		};
/* End PBXResourcesBuildPhase section */

/* Begin PBXShellScriptBuildPhase section */
		04E7707B60560C2984D8E04B /* [CP] Check Pods Manifest.lock */ = {
			isa = PBXShellScriptBuildPhase;
			buildActionMask = 2147483647;
			files = (
			);
			inputPaths = (
				"${PODS_PODFILE_DIR_PATH}/Podfile.lock",
				"${PODS_ROOT}/Manifest.lock",
			);
			name = "[CP] Check Pods Manifest.lock";
			outputPaths = (
				"$(DERIVED_FILE_DIR)/Pods-App-checkManifestLockResult.txt",
			);
			runOnlyForDeploymentPostprocessing = 0;
			shellPath = /bin/sh;
			shellScript = "diff \"${PODS_PODFILE_DIR_PATH}/Podfile.lock\" \"${PODS_ROOT}/Manifest.lock\" > /dev/null\nif [ $? != 0 ] ; then\n    # print error to STDERR\n    echo \"error: The sandbox is not in sync with the Podfile.lock. Run 'pod install' or update your CocoaPods installation.\" >&2\n    exit 1\nfi\n# This output is used by Xcode 'outputs' to avoid re-running this script phase.\necho \"SUCCESS\" > \"${SCRIPT_OUTPUT_FILE_0}\"\n";
			showEnvVarsInLog = 0;
		};
		6BDBE707CFDECABC30817B30 /* [CP] Check Pods Manifest.lock */ = {
			isa = PBXShellScriptBuildPhase;
			buildActionMask = 2147483647;
			files = (
			);
			inputPaths = (
				"${PODS_PODFILE_DIR_PATH}/Podfile.lock",
				"${PODS_ROOT}/Manifest.lock",
			);
			name = "[CP] Check Pods Manifest.lock";
			outputPaths = (
				"$(DERIVED_FILE_DIR)/Pods-AppTests-checkManifestLockResult.txt",
			);
			runOnlyForDeploymentPostprocessing = 0;
			shellPath = /bin/sh;
			shellScript = "diff \"${PODS_PODFILE_DIR_PATH}/Podfile.lock\" \"${PODS_ROOT}/Manifest.lock\" > /dev/null\nif [ $? != 0 ] ; then\n    # print error to STDERR\n    echo \"error: The sandbox is not in sync with the Podfile.lock. Run 'pod install' or update your CocoaPods installation.\" >&2\n    exit 1\nfi\n# This output is used by Xcode 'outputs' to avoid re-running this script phase.\necho \"SUCCESS\" > \"${SCRIPT_OUTPUT_FILE_0}\"\n";
			showEnvVarsInLog = 0;
		};
		DA60CC8F2A4B9645FAA4A369 /* [CP] Embed Pods Frameworks */ = {
			isa = PBXShellScriptBuildPhase;
			buildActionMask = 2147483647;
			files = (
			);
			inputFileListPaths = (
			);
			inputPaths = (
				"${SRCROOT}/../Pods/Target Support Files/Pods-App/Pods-App-frameworks.sh",
				"${BUILT_PRODUCTS_DIR}/SDWebImage/SDWebImage.framework",
				"${BUILT_PRODUCTS_DIR}/TinyConstraints/TinyConstraints.framework",
			);
			name = "[CP] Embed Pods Frameworks";
			outputFileListPaths = (
			);
			outputPaths = (
				"${TARGET_BUILD_DIR}/${FRAMEWORKS_FOLDER_PATH}/SDWebImage.framework",
				"${TARGET_BUILD_DIR}/${FRAMEWORKS_FOLDER_PATH}/TinyConstraints.framework",
			);
			runOnlyForDeploymentPostprocessing = 0;
			shellPath = /bin/sh;
			shellScript = "\"${SRCROOT}/../Pods/Target Support Files/Pods-App/Pods-App-frameworks.sh\"\n";
			showEnvVarsInLog = 0;
		};
/* End PBXShellScriptBuildPhase section */

/* Begin PBXSourcesBuildPhase section */
		22706C7D20FE510E006E27EE /* Sources */ = {
			isa = PBXSourcesBuildPhase;
			buildActionMask = 2147483647;
			files = (
				221DB11E2130B1830031A401 /* ViewListingRouter.swift in Sources */,
				22AC8C99212EEA02000A0BE0 /* PortfolioInteractor.swift in Sources */,
				221DB11A2130B1830031A401 /* ViewListingInteractor.swift in Sources */,
				221DB11D2130B1830031A401 /* ViewListingView.swift in Sources */,
				221DB11C2130B1830031A401 /* ListingScene.swift in Sources */,
				221DB11B2130B1830031A401 /* ViewListingViewController.swift in Sources */,
				22AC8C95212EEA02000A0BE0 /* PortfolioRouter.swift in Sources */,
				22AC8C98212EEA02000A0BE0 /* PortfolioPresenter.swift in Sources */,
				22AC8C96212EEA02000A0BE0 /* PortfolioViewController.swift in Sources */,
				221DB1192130B1830031A401 /* ViewListingPresenter.swift in Sources */,
				22AC8C9F212EEA02000A0BE0 /* AppDelegate.swift in Sources */,
				22C9BF20212F2EE1000D15E6 /* LiveAPIConfig.swift in Sources */,
				22AC8C91212EEA02000A0BE0 /* Rijksmuseum.xcdatamodeld in Sources */,
				22AC8C97212EEA02000A0BE0 /* PortfolioScene.swift in Sources */,
				22AC8C9A212EEA02000A0BE0 /* PortfolioView.swift in Sources */,
			);
			runOnlyForDeploymentPostprocessing = 0;
		};
		22706C9420FE510F006E27EE /* Sources */ = {
			isa = PBXSourcesBuildPhase;
			buildActionMask = 2147483647;
			files = (
				221830F2210FDA5900FA1E13 /* PortfolioPresenterTests.swift in Sources */,
				221830E6210F1F7600FA1E13 /* PortfolioInteractorTests.swift in Sources */,
				221F3EEB212F4A4100907255 /* Seeds.swift in Sources */,
			);
			runOnlyForDeploymentPostprocessing = 0;
		};
/* End PBXSourcesBuildPhase section */

/* Begin PBXTargetDependency section */
		22706C9A20FE510F006E27EE /* PBXTargetDependency */ = {
			isa = PBXTargetDependency;
			target = 22706C8020FE510E006E27EE /* App */;
			targetProxy = 22706C9920FE510F006E27EE /* PBXContainerItemProxy */;
		};
/* End PBXTargetDependency section */

/* Begin PBXVariantGroup section */
		22AC8C76212EEA02000A0BE0 /* LaunchScreen.storyboard */ = {
			isa = PBXVariantGroup;
			children = (
				22AC8C77212EEA02000A0BE0 /* Base */,
			);
			name = LaunchScreen.storyboard;
			sourceTree = "<group>";
		};
/* End PBXVariantGroup section */

/* Begin XCBuildConfiguration section */
		22706C9F20FE5110006E27EE /* Debug */ = {
			isa = XCBuildConfiguration;
			buildSettings = {
				ALWAYS_SEARCH_USER_PATHS = NO;
				CLANG_ANALYZER_NONNULL = YES;
				CLANG_ANALYZER_NUMBER_OBJECT_CONVERSION = YES_AGGRESSIVE;
				CLANG_CXX_LANGUAGE_STANDARD = "gnu++14";
				CLANG_CXX_LIBRARY = "libc++";
				CLANG_ENABLE_MODULES = YES;
				CLANG_ENABLE_OBJC_ARC = YES;
				CLANG_ENABLE_OBJC_WEAK = YES;
				CLANG_WARN_BLOCK_CAPTURE_AUTORELEASING = YES;
				CLANG_WARN_BOOL_CONVERSION = YES;
				CLANG_WARN_COMMA = YES;
				CLANG_WARN_CONSTANT_CONVERSION = YES;
				CLANG_WARN_DEPRECATED_OBJC_IMPLEMENTATIONS = YES;
				CLANG_WARN_DIRECT_OBJC_ISA_USAGE = YES_ERROR;
				CLANG_WARN_DOCUMENTATION_COMMENTS = YES;
				CLANG_WARN_EMPTY_BODY = YES;
				CLANG_WARN_ENUM_CONVERSION = YES;
				CLANG_WARN_INFINITE_RECURSION = YES;
				CLANG_WARN_INT_CONVERSION = YES;
				CLANG_WARN_NON_LITERAL_NULL_CONVERSION = YES;
				CLANG_WARN_OBJC_IMPLICIT_RETAIN_SELF = YES;
				CLANG_WARN_OBJC_LITERAL_CONVERSION = YES;
				CLANG_WARN_OBJC_ROOT_CLASS = YES_ERROR;
				CLANG_WARN_RANGE_LOOP_ANALYSIS = YES;
				CLANG_WARN_STRICT_PROTOTYPES = YES;
				CLANG_WARN_SUSPICIOUS_MOVE = YES;
				CLANG_WARN_UNGUARDED_AVAILABILITY = YES_AGGRESSIVE;
				CLANG_WARN_UNREACHABLE_CODE = YES;
				CLANG_WARN__DUPLICATE_METHOD_MATCH = YES;
				CODE_SIGN_IDENTITY = "iPhone Developer";
				COPY_PHASE_STRIP = NO;
				DEBUG_INFORMATION_FORMAT = dwarf;
				ENABLE_STRICT_OBJC_MSGSEND = YES;
				ENABLE_TESTABILITY = YES;
				GCC_C_LANGUAGE_STANDARD = gnu11;
				GCC_DYNAMIC_NO_PIC = NO;
				GCC_NO_COMMON_BLOCKS = YES;
				GCC_OPTIMIZATION_LEVEL = 0;
				GCC_PREPROCESSOR_DEFINITIONS = (
					"DEBUG=1",
					"$(inherited)",
				);
				GCC_WARN_64_TO_32_BIT_CONVERSION = YES;
				GCC_WARN_ABOUT_RETURN_TYPE = YES_ERROR;
				GCC_WARN_UNDECLARED_SELECTOR = YES;
				GCC_WARN_UNINITIALIZED_AUTOS = YES_AGGRESSIVE;
				GCC_WARN_UNUSED_FUNCTION = YES;
				GCC_WARN_UNUSED_VARIABLE = YES;
				INFOPLIST_FILE = "$(SRCROOT)/$(TARGET_NAME)/Resources/Info.plist";
				IPHONEOS_DEPLOYMENT_TARGET = 11.4;
				MTL_ENABLE_DEBUG_INFO = YES;
				ONLY_ACTIVE_ARCH = YES;
				SDKROOT = iphoneos;
				SWIFT_ACTIVE_COMPILATION_CONDITIONS = DEBUG;
				SWIFT_OPTIMIZATION_LEVEL = "-Onone";
			};
			name = Debug;
		};
		22706CA020FE5110006E27EE /* Release */ = {
			isa = XCBuildConfiguration;
			buildSettings = {
				ALWAYS_SEARCH_USER_PATHS = NO;
				CLANG_ANALYZER_NONNULL = YES;
				CLANG_ANALYZER_NUMBER_OBJECT_CONVERSION = YES_AGGRESSIVE;
				CLANG_CXX_LANGUAGE_STANDARD = "gnu++14";
				CLANG_CXX_LIBRARY = "libc++";
				CLANG_ENABLE_MODULES = YES;
				CLANG_ENABLE_OBJC_ARC = YES;
				CLANG_ENABLE_OBJC_WEAK = YES;
				CLANG_WARN_BLOCK_CAPTURE_AUTORELEASING = YES;
				CLANG_WARN_BOOL_CONVERSION = YES;
				CLANG_WARN_COMMA = YES;
				CLANG_WARN_CONSTANT_CONVERSION = YES;
				CLANG_WARN_DEPRECATED_OBJC_IMPLEMENTATIONS = YES;
				CLANG_WARN_DIRECT_OBJC_ISA_USAGE = YES_ERROR;
				CLANG_WARN_DOCUMENTATION_COMMENTS = YES;
				CLANG_WARN_EMPTY_BODY = YES;
				CLANG_WARN_ENUM_CONVERSION = YES;
				CLANG_WARN_INFINITE_RECURSION = YES;
				CLANG_WARN_INT_CONVERSION = YES;
				CLANG_WARN_NON_LITERAL_NULL_CONVERSION = YES;
				CLANG_WARN_OBJC_IMPLICIT_RETAIN_SELF = YES;
				CLANG_WARN_OBJC_LITERAL_CONVERSION = YES;
				CLANG_WARN_OBJC_ROOT_CLASS = YES_ERROR;
				CLANG_WARN_RANGE_LOOP_ANALYSIS = YES;
				CLANG_WARN_STRICT_PROTOTYPES = YES;
				CLANG_WARN_SUSPICIOUS_MOVE = YES;
				CLANG_WARN_UNGUARDED_AVAILABILITY = YES_AGGRESSIVE;
				CLANG_WARN_UNREACHABLE_CODE = YES;
				CLANG_WARN__DUPLICATE_METHOD_MATCH = YES;
				CODE_SIGN_IDENTITY = "iPhone Developer";
				COPY_PHASE_STRIP = NO;
				DEBUG_INFORMATION_FORMAT = "dwarf-with-dsym";
				ENABLE_NS_ASSERTIONS = NO;
				ENABLE_STRICT_OBJC_MSGSEND = YES;
				GCC_C_LANGUAGE_STANDARD = gnu11;
				GCC_NO_COMMON_BLOCKS = YES;
				GCC_WARN_64_TO_32_BIT_CONVERSION = YES;
				GCC_WARN_ABOUT_RETURN_TYPE = YES_ERROR;
				GCC_WARN_UNDECLARED_SELECTOR = YES;
				GCC_WARN_UNINITIALIZED_AUTOS = YES_AGGRESSIVE;
				GCC_WARN_UNUSED_FUNCTION = YES;
				GCC_WARN_UNUSED_VARIABLE = YES;
				INFOPLIST_FILE = "$(SRCROOT)/$(TARGET_NAME)/Resources/Info.plist";
				IPHONEOS_DEPLOYMENT_TARGET = 11.4;
				MTL_ENABLE_DEBUG_INFO = NO;
				SDKROOT = iphoneos;
				SWIFT_COMPILATION_MODE = wholemodule;
				SWIFT_OPTIMIZATION_LEVEL = "-O";
				VALIDATE_PRODUCT = YES;
			};
			name = Release;
		};
		22706CA220FE5110006E27EE /* Debug */ = {
			isa = XCBuildConfiguration;
			baseConfigurationReference = 0B943DC2858758823077F507 /* Pods-App.debug.xcconfig */;
			buildSettings = {
				ASSETCATALOG_COMPILER_APPICON_NAME = AppIcon;
				CLANG_ENABLE_MODULES = YES;
				CODE_SIGN_STYLE = Automatic;
				DEVELOPMENT_TEAM = P2H55DCRCL;
				LD_RUNPATH_SEARCH_PATHS = (
					"$(inherited)",
					"@executable_path/Frameworks",
				);
				PRODUCT_BUNDLE_IDENTIFIER = com.timwredwards.Rijksmuseum;
				PRODUCT_NAME = "$(TARGET_NAME)";
				SWIFT_OPTIMIZATION_LEVEL = "-Onone";
				SWIFT_VERSION = 4.2;
				TARGETED_DEVICE_FAMILY = "1,2";
			};
			name = Debug;
		};
		22706CA320FE5110006E27EE /* Release */ = {
			isa = XCBuildConfiguration;
			baseConfigurationReference = 230A03C686A9C5E28B0806F6 /* Pods-App.release.xcconfig */;
			buildSettings = {
				ASSETCATALOG_COMPILER_APPICON_NAME = AppIcon;
				CLANG_ENABLE_MODULES = YES;
				CODE_SIGN_STYLE = Automatic;
				DEVELOPMENT_TEAM = P2H55DCRCL;
				LD_RUNPATH_SEARCH_PATHS = (
					"$(inherited)",
					"@executable_path/Frameworks",
				);
				PRODUCT_BUNDLE_IDENTIFIER = com.timwredwards.Rijksmuseum;
				PRODUCT_NAME = "$(TARGET_NAME)";
				SWIFT_VERSION = 4.2;
				TARGETED_DEVICE_FAMILY = "1,2";
			};
			name = Release;
		};
		22706CA520FE5110006E27EE /* Debug */ = {
			isa = XCBuildConfiguration;
			baseConfigurationReference = 6C3A0B5AD9C72E3216153767 /* Pods-AppTests.debug.xcconfig */;
			buildSettings = {
				BUNDLE_LOADER = "$(TEST_HOST)";
				CODE_SIGN_STYLE = Automatic;
				DEVELOPMENT_TEAM = P2H55DCRCL;
				LD_RUNPATH_SEARCH_PATHS = (
					"$(inherited)",
					"@executable_path/Frameworks",
					"@loader_path/Frameworks",
				);
				PRODUCT_BUNDLE_IDENTIFIER = com.timwredwards.RijksmuseumTests;
				PRODUCT_NAME = "$(TARGET_NAME)";
				SWIFT_VERSION = 4.2;
				TARGETED_DEVICE_FAMILY = "1,2";
				TEST_HOST = "$(BUILT_PRODUCTS_DIR)/App.app/App";
			};
			name = Debug;
		};
		22706CA620FE5110006E27EE /* Release */ = {
			isa = XCBuildConfiguration;
			baseConfigurationReference = F2E478E835DAB42EFD728656 /* Pods-AppTests.release.xcconfig */;
			buildSettings = {
				BUNDLE_LOADER = "$(TEST_HOST)";
				CODE_SIGN_STYLE = Automatic;
				DEVELOPMENT_TEAM = P2H55DCRCL;
				LD_RUNPATH_SEARCH_PATHS = (
					"$(inherited)",
					"@executable_path/Frameworks",
					"@loader_path/Frameworks",
				);
				PRODUCT_BUNDLE_IDENTIFIER = com.timwredwards.RijksmuseumTests;
				PRODUCT_NAME = "$(TARGET_NAME)";
				SWIFT_VERSION = 4.2;
				TARGETED_DEVICE_FAMILY = "1,2";
				TEST_HOST = "$(BUILT_PRODUCTS_DIR)/App.app/App";
			};
			name = Release;
		};
/* End XCBuildConfiguration section */

/* Begin XCConfigurationList section */
		22706C7C20FE510E006E27EE /* Build configuration list for PBXProject "App" */ = {
			isa = XCConfigurationList;
			buildConfigurations = (
				22706C9F20FE5110006E27EE /* Debug */,
				22706CA020FE5110006E27EE /* Release */,
			);
			defaultConfigurationIsVisible = 0;
			defaultConfigurationName = Release;
		};
		22706CA120FE5110006E27EE /* Build configuration list for PBXNativeTarget "App" */ = {
			isa = XCConfigurationList;
			buildConfigurations = (
				22706CA220FE5110006E27EE /* Debug */,
				22706CA320FE5110006E27EE /* Release */,
			);
			defaultConfigurationIsVisible = 0;
			defaultConfigurationName = Release;
		};
		22706CA420FE5110006E27EE /* Build configuration list for PBXNativeTarget "AppTests" */ = {
			isa = XCConfigurationList;
			buildConfigurations = (
				22706CA520FE5110006E27EE /* Debug */,
				22706CA620FE5110006E27EE /* Release */,
			);
			defaultConfigurationIsVisible = 0;
			defaultConfigurationName = Release;
		};
/* End XCConfigurationList section */

/* Begin XCVersionGroup section */
		22AC8C79212EEA02000A0BE0 /* Rijksmuseum.xcdatamodeld */ = {
			isa = XCVersionGroup;
			children = (
				22AC8C7A212EEA02000A0BE0 /* Rijksmuseum.xcdatamodel */,
			);
			currentVersion = 22AC8C7A212EEA02000A0BE0 /* Rijksmuseum.xcdatamodel */;
			path = Rijksmuseum.xcdatamodeld;
			sourceTree = "<group>";
			versionGroupType = wrapper.xcdatamodel;
		};
/* End XCVersionGroup section */
	};
	rootObject = 22706C7920FE510E006E27EE /* Project object */;
}
