// !$*UTF8*$!
{
	archiveVersion = 1;
	classes = {
	};
	objectVersion = 52;
	objects = {

/* Begin PBXBuildFile section */
		220BDB3723E8A608009ED431 /* Coordinator.swift in Sources */ = {isa = PBXBuildFile; fileRef = 220BDB3623E8A608009ED431 /* Coordinator.swift */; };
		220DF1BA23E624E1009C2580 /* ArtCollectionDataSource.swift in Sources */ = {isa = PBXBuildFile; fileRef = 220DF1B923E624E1009C2580 /* ArtCollectionDataSource.swift */; };
		2226ACB423E4FE6C002AEF97 /* ArtCollectionViewController.swift in Sources */ = {isa = PBXBuildFile; fileRef = 229CFC7323DDC86900239309 /* ArtCollectionViewController.swift */; };
		2226ACB723E4FE6C002AEF97 /* ArtCollectionCell.swift in Sources */ = {isa = PBXBuildFile; fileRef = 229CFC7023DDC86900239309 /* ArtCollectionCell.swift */; };
		2237A30F23E8D62900FFF8C2 /* Dependencies.swift in Sources */ = {isa = PBXBuildFile; fileRef = 2237A30E23E8D62900FFF8C2 /* Dependencies.swift */; };
		229CFC6D23DDC3C400239309 /* SDWebImage in Frameworks */ = {isa = PBXBuildFile; productRef = 229CFC6C23DDC3C400239309 /* SDWebImage */; };
		22AC8C8E212EEA02000A0BE0 /* Assets.xcassets in Resources */ = {isa = PBXBuildFile; fileRef = 22AC8C75212EEA02000A0BE0 /* Assets.xcassets */; };
		22AC8C8F212EEA02000A0BE0 /* LaunchScreen.storyboard in Resources */ = {isa = PBXBuildFile; fileRef = 22AC8C76212EEA02000A0BE0 /* LaunchScreen.storyboard */; };
		22AC8C9F212EEA02000A0BE0 /* AppDelegate.swift in Sources */ = {isa = PBXBuildFile; fileRef = 22AC8C8D212EEA02000A0BE0 /* AppDelegate.swift */; };
		22AE2945242FDE7E003101FE /* Utils.framework in Frameworks */ = {isa = PBXBuildFile; fileRef = 22AE2944242FDE7E003101FE /* Utils.framework */; };
		22AE2946242FDE7E003101FE /* Utils.framework in Embed Frameworks */ = {isa = PBXBuildFile; fileRef = 22AE2944242FDE7E003101FE /* Utils.framework */; settings = {ATTRIBUTES = (CodeSignOnCopy, RemoveHeadersOnCopy, ); }; };
		22AE2948242FDE8E003101FE /* MuseumDomain.framework in Frameworks */ = {isa = PBXBuildFile; fileRef = 22AE2947242FDE8E003101FE /* MuseumDomain.framework */; };
		22AE2949242FDE8E003101FE /* MuseumDomain.framework in Embed Frameworks */ = {isa = PBXBuildFile; fileRef = 22AE2947242FDE8E003101FE /* MuseumDomain.framework */; settings = {ATTRIBUTES = (CodeSignOnCopy, RemoveHeadersOnCopy, ); }; };
		22BBE0F823E81E1C004D8D81 /* ArtDetailsViewController.swift in Sources */ = {isa = PBXBuildFile; fileRef = 22BBE0F623E81E1C004D8D81 /* ArtDetailsViewController.swift */; };
		22BBE0FE23E81EC6004D8D81 /* MuseumApp.framework in Frameworks */ = {isa = PBXBuildFile; fileRef = 22BBE0FD23E81EC6004D8D81 /* MuseumApp.framework */; };
		22BBE0FF23E81EC6004D8D81 /* MuseumApp.framework in Embed Frameworks */ = {isa = PBXBuildFile; fileRef = 22BBE0FD23E81EC6004D8D81 /* MuseumApp.framework */; settings = {ATTRIBUTES = (CodeSignOnCopy, RemoveHeadersOnCopy, ); }; };
		22C1809823E5D4BC0009C58E /* TinyConstraints in Frameworks */ = {isa = PBXBuildFile; productRef = 22C1809723E5D4BC0009C58E /* TinyConstraints */; };
/* End PBXBuildFile section */

/* Begin PBXCopyFilesBuildPhase section */
		22BBE10023E81EC6004D8D81 /* Embed Frameworks */ = {
			isa = PBXCopyFilesBuildPhase;
			buildActionMask = 2147483647;
			dstPath = "";
			dstSubfolderSpec = 10;
			files = (
				22AE2946242FDE7E003101FE /* Utils.framework in Embed Frameworks */,
				22BBE0FF23E81EC6004D8D81 /* MuseumApp.framework in Embed Frameworks */,
				22AE2949242FDE8E003101FE /* MuseumDomain.framework in Embed Frameworks */,
			);
			name = "Embed Frameworks";
			runOnlyForDeploymentPostprocessing = 0;
		};
/* End PBXCopyFilesBuildPhase section */

/* Begin PBXFileReference section */
		22013B0A2275C67F00B200D6 /* TestTools.framework */ = {isa = PBXFileReference; explicitFileType = wrapper.framework; path = TestTools.framework; sourceTree = BUILT_PRODUCTS_DIR; };
		220BDB3623E8A608009ED431 /* Coordinator.swift */ = {isa = PBXFileReference; fileEncoding = 4; lastKnownFileType = sourcecode.swift; path = Coordinator.swift; sourceTree = "<group>"; };
		220DF1B923E624E1009C2580 /* ArtCollectionDataSource.swift */ = {isa = PBXFileReference; fileEncoding = 4; lastKnownFileType = sourcecode.swift; path = ArtCollectionDataSource.swift; sourceTree = "<group>"; };
		221DB1102130ABE20031A401 /* Services.framework */ = {isa = PBXFileReference; explicitFileType = wrapper.framework; path = Services.framework; sourceTree = BUILT_PRODUCTS_DIR; };
		221F3EC9212F3A7B00907255 /* Utilities.framework */ = {isa = PBXFileReference; explicitFileType = wrapper.framework; path = Utilities.framework; sourceTree = BUILT_PRODUCTS_DIR; };
		2237A30923E8C9C900FFF8C2 /* TimKit.framework */ = {isa = PBXFileReference; explicitFileType = wrapper.framework; path = TimKit.framework; sourceTree = BUILT_PRODUCTS_DIR; };
		2237A30E23E8D62900FFF8C2 /* Dependencies.swift */ = {isa = PBXFileReference; fileEncoding = 4; lastKnownFileType = sourcecode.swift; path = Dependencies.swift; sourceTree = "<group>"; };
		2239FE7123D6306B008E9867 /* TestKit.framework */ = {isa = PBXFileReference; explicitFileType = wrapper.framework; path = TestKit.framework; sourceTree = BUILT_PRODUCTS_DIR; };
		2253927B2276595E007AEF1F /* Kit.framework */ = {isa = PBXFileReference; explicitFileType = wrapper.framework; path = Kit.framework; sourceTree = BUILT_PRODUCTS_DIR; };
		2258B965227210A600516603 /* Services.framework */ = {isa = PBXFileReference; explicitFileType = wrapper.framework; path = Services.framework; sourceTree = BUILT_PRODUCTS_DIR; };
		2258B9852272401900516603 /* TestingUtils.framework */ = {isa = PBXFileReference; explicitFileType = wrapper.framework; path = TestingUtils.framework; sourceTree = BUILT_PRODUCTS_DIR; };
		2258B9F522724D6500516603 /* UtilsTestTools.framework */ = {isa = PBXFileReference; explicitFileType = wrapper.framework; path = UtilsTestTools.framework; sourceTree = BUILT_PRODUCTS_DIR; };
		2258B9F72272658900516603 /* UtilsTestTools.framework */ = {isa = PBXFileReference; explicitFileType = wrapper.framework; path = UtilsTestTools.framework; sourceTree = BUILT_PRODUCTS_DIR; };
		22695F3D213202E1004C47A5 /* Utils.framework */ = {isa = PBXFileReference; explicitFileType = wrapper.framework; path = Utils.framework; sourceTree = BUILT_PRODUCTS_DIR; };
		22695F43213203C8004C47A5 /* Utility.framework */ = {isa = PBXFileReference; explicitFileType = wrapper.framework; path = Utility.framework; sourceTree = BUILT_PRODUCTS_DIR; };
		22695F4721320A27004C47A5 /* Utils.framework */ = {isa = PBXFileReference; explicitFileType = wrapper.framework; path = Utils.framework; sourceTree = BUILT_PRODUCTS_DIR; };
		22695F4921320A72004C47A5 /* Service.framework */ = {isa = PBXFileReference; explicitFileType = wrapper.framework; path = Service.framework; sourceTree = BUILT_PRODUCTS_DIR; };
		22706C8120FE510E006E27EE /* Rijksmuseum.app */ = {isa = PBXFileReference; explicitFileType = wrapper.application; includeInIndex = 0; path = Rijksmuseum.app; sourceTree = BUILT_PRODUCTS_DIR; };
		2289A5CA212F121400787E2B /* Utility.framework */ = {isa = PBXFileReference; explicitFileType = wrapper.framework; path = Utility.framework; sourceTree = BUILT_PRODUCTS_DIR; };
		229CFC7023DDC86900239309 /* ArtCollectionCell.swift */ = {isa = PBXFileReference; fileEncoding = 4; lastKnownFileType = sourcecode.swift; path = ArtCollectionCell.swift; sourceTree = "<group>"; };
		229CFC7323DDC86900239309 /* ArtCollectionViewController.swift */ = {isa = PBXFileReference; fileEncoding = 4; lastKnownFileType = sourcecode.swift; path = ArtCollectionViewController.swift; sourceTree = "<group>"; };
		22AC8C75212EEA02000A0BE0 /* Assets.xcassets */ = {isa = PBXFileReference; lastKnownFileType = folder.assetcatalog; path = Assets.xcassets; sourceTree = "<group>"; };
		22AC8C77212EEA02000A0BE0 /* Base */ = {isa = PBXFileReference; lastKnownFileType = file.storyboard; name = Base; path = Base.lproj/LaunchScreen.storyboard; sourceTree = "<group>"; };
		22AC8C7E212EEA02000A0BE0 /* Info.plist */ = {isa = PBXFileReference; fileEncoding = 4; lastKnownFileType = text.plist.xml; path = Info.plist; sourceTree = "<group>"; };
		22AC8C8D212EEA02000A0BE0 /* AppDelegate.swift */ = {isa = PBXFileReference; fileEncoding = 4; lastKnownFileType = sourcecode.swift; path = AppDelegate.swift; sourceTree = "<group>"; };
		22AE2944242FDE7E003101FE /* Utils.framework */ = {isa = PBXFileReference; explicitFileType = wrapper.framework; path = Utils.framework; sourceTree = BUILT_PRODUCTS_DIR; };
		22AE2947242FDE8E003101FE /* MuseumDomain.framework */ = {isa = PBXFileReference; explicitFileType = wrapper.framework; path = MuseumDomain.framework; sourceTree = BUILT_PRODUCTS_DIR; };
		22B0C7C922861EE600717751 /* MuseumKit.framework */ = {isa = PBXFileReference; explicitFileType = wrapper.framework; path = MuseumKit.framework; sourceTree = BUILT_PRODUCTS_DIR; };
		22B0C7CB22861EE600717751 /* TimKit.framework */ = {isa = PBXFileReference; explicitFileType = wrapper.framework; path = TimKit.framework; sourceTree = BUILT_PRODUCTS_DIR; };
		22BBE0F623E81E1C004D8D81 /* ArtDetailsViewController.swift */ = {isa = PBXFileReference; fileEncoding = 4; lastKnownFileType = sourcecode.swift; path = ArtDetailsViewController.swift; sourceTree = "<group>"; };
		22BBE0FD23E81EC6004D8D81 /* MuseumApp.framework */ = {isa = PBXFileReference; explicitFileType = wrapper.framework; path = MuseumApp.framework; sourceTree = BUILT_PRODUCTS_DIR; };
		22C9BF19212F2DFE000D15E6 /* Workers.framework */ = {isa = PBXFileReference; explicitFileType = wrapper.framework; path = Workers.framework; sourceTree = BUILT_PRODUCTS_DIR; };
		22D88AEE212EF67E006E96AF /* Utilities.framework */ = {isa = PBXFileReference; explicitFileType = wrapper.framework; path = Utilities.framework; sourceTree = BUILT_PRODUCTS_DIR; };
		5F092BC9D8DB77CB029D29AF /* Pods_MuseumiOS.framework */ = {isa = PBXFileReference; explicitFileType = wrapper.framework; includeInIndex = 0; path = Pods_MuseumiOS.framework; sourceTree = BUILT_PRODUCTS_DIR; };
		6797E6C03BE93F8117088ED0 /* Pods_MuseumiOSTests.framework */ = {isa = PBXFileReference; explicitFileType = wrapper.framework; includeInIndex = 0; path = Pods_MuseumiOSTests.framework; sourceTree = BUILT_PRODUCTS_DIR; };
/* End PBXFileReference section */

/* Begin PBXFrameworksBuildPhase section */
		22706C7E20FE510E006E27EE /* Frameworks */ = {
			isa = PBXFrameworksBuildPhase;
			buildActionMask = 2147483647;
			files = (
				229CFC6D23DDC3C400239309 /* SDWebImage in Frameworks */,
				22AE2948242FDE8E003101FE /* MuseumDomain.framework in Frameworks */,
				22AE2945242FDE7E003101FE /* Utils.framework in Frameworks */,
				22BBE0FE23E81EC6004D8D81 /* MuseumApp.framework in Frameworks */,
				22C1809823E5D4BC0009C58E /* TinyConstraints in Frameworks */,
			);
			runOnlyForDeploymentPostprocessing = 0;
		};
/* End PBXFrameworksBuildPhase section */

/* Begin PBXGroup section */
		221DB1122130B1830031A401 /* ArtDetails */ = {
			isa = PBXGroup;
			children = (
				22BBE0F623E81E1C004D8D81 /* ArtDetailsViewController.swift */,
			);
			path = ArtDetails;
			sourceTree = "<group>";
		};
		22706C7820FE510E006E27EE = {
			isa = PBXGroup;
			children = (
				22AC8C73212EEA02000A0BE0 /* MuseumiOS */,
				22706C8220FE510E006E27EE /* Products */,
				A10F01533FEF44811CAB0213 /* Frameworks */,
			);
			sourceTree = "<group>";
		};
		22706C8220FE510E006E27EE /* Products */ = {
			isa = PBXGroup;
			children = (
				22706C8120FE510E006E27EE /* Rijksmuseum.app */,
			);
			name = Products;
			sourceTree = "<group>";
		};
		22AC8C73212EEA02000A0BE0 /* MuseumiOS */ = {
			isa = PBXGroup;
			children = (
				2237A30E23E8D62900FFF8C2 /* Dependencies.swift */,
				22AC8C8D212EEA02000A0BE0 /* AppDelegate.swift */,
				220BDB3623E8A608009ED431 /* Coordinator.swift */,
				22B07AE523D798CA00D442E7 /* ArtCollection */,
				221DB1122130B1830031A401 /* ArtDetails */,
				22AC8C74212EEA02000A0BE0 /* Resources */,
			);
			path = MuseumiOS;
			sourceTree = "<group>";
		};
		22AC8C74212EEA02000A0BE0 /* Resources */ = {
			isa = PBXGroup;
			children = (
				22AC8C75212EEA02000A0BE0 /* Assets.xcassets */,
				22AC8C76212EEA02000A0BE0 /* LaunchScreen.storyboard */,
				22AC8C7E212EEA02000A0BE0 /* Info.plist */,
			);
			path = Resources;
			sourceTree = "<group>";
		};
		22B07AE523D798CA00D442E7 /* ArtCollection */ = {
			isa = PBXGroup;
			children = (
				229CFC7323DDC86900239309 /* ArtCollectionViewController.swift */,
				220DF1B923E624E1009C2580 /* ArtCollectionDataSource.swift */,
				229CFC7023DDC86900239309 /* ArtCollectionCell.swift */,
			);
			path = ArtCollection;
			sourceTree = "<group>";
		};
		A10F01533FEF44811CAB0213 /* Frameworks */ = {
			isa = PBXGroup;
			children = (
				22AE2947242FDE8E003101FE /* MuseumDomain.framework */,
				22AE2944242FDE7E003101FE /* Utils.framework */,
				2237A30923E8C9C900FFF8C2 /* TimKit.framework */,
				22BBE0FD23E81EC6004D8D81 /* MuseumApp.framework */,
				2239FE7123D6306B008E9867 /* TestKit.framework */,
				22B0C7C922861EE600717751 /* MuseumKit.framework */,
				22B0C7CB22861EE600717751 /* TimKit.framework */,
				2253927B2276595E007AEF1F /* Kit.framework */,
				22013B0A2275C67F00B200D6 /* TestTools.framework */,
				2258B9F72272658900516603 /* UtilsTestTools.framework */,
				2258B9F522724D6500516603 /* UtilsTestTools.framework */,
				2258B9852272401900516603 /* TestingUtils.framework */,
				2258B965227210A600516603 /* Services.framework */,
				22695F4921320A72004C47A5 /* Service.framework */,
				22695F4721320A27004C47A5 /* Utils.framework */,
				22695F43213203C8004C47A5 /* Utility.framework */,
				22695F3D213202E1004C47A5 /* Utils.framework */,
				221DB1102130ABE20031A401 /* Services.framework */,
				221F3EC9212F3A7B00907255 /* Utilities.framework */,
				22C9BF19212F2DFE000D15E6 /* Workers.framework */,
				2289A5CA212F121400787E2B /* Utility.framework */,
				22D88AEE212EF67E006E96AF /* Utilities.framework */,
				5F092BC9D8DB77CB029D29AF /* Pods_MuseumiOS.framework */,
				6797E6C03BE93F8117088ED0 /* Pods_MuseumiOSTests.framework */,
			);
			name = Frameworks;
			sourceTree = "<group>";
		};
/* End PBXGroup section */

/* Begin PBXNativeTarget section */
		22706C8020FE510E006E27EE /* MuseumiOS */ = {
			isa = PBXNativeTarget;
			buildConfigurationList = 22706CA120FE5110006E27EE /* Build configuration list for PBXNativeTarget "MuseumiOS" */;
			buildPhases = (
				2239FE6B23D62378008E9867 /* Swiftlint */,
				22706C7D20FE510E006E27EE /* Sources */,
				22706C7E20FE510E006E27EE /* Frameworks */,
				22706C7F20FE510E006E27EE /* Resources */,
				22BBE10023E81EC6004D8D81 /* Embed Frameworks */,
			);
			buildRules = (
			);
			dependencies = (
			);
			name = MuseumiOS;
			packageProductDependencies = (
				229CFC6C23DDC3C400239309 /* SDWebImage */,
				22C1809723E5D4BC0009C58E /* TinyConstraints */,
			);
			productName = Rijksmuseum;
			productReference = 22706C8120FE510E006E27EE /* Rijksmuseum.app */;
			productType = "com.apple.product-type.application";
		};
/* End PBXNativeTarget section */

/* Begin PBXProject section */
		22706C7920FE510E006E27EE /* Project object */ = {
			isa = PBXProject;
			attributes = {
				LastSwiftUpdateCheck = 0940;
				LastUpgradeCheck = 0940;
				ORGANIZATIONNAME = "Tim Edwards";
				TargetAttributes = {
					22706C8020FE510E006E27EE = {
						CreatedOnToolsVersion = 9.4.1;
						LastSwiftMigration = 1020;
					};
				};
			};
			buildConfigurationList = 22706C7C20FE510E006E27EE /* Build configuration list for PBXProject "MuseumiOS" */;
			compatibilityVersion = "Xcode 9.3";
			developmentRegion = en;
			hasScannedForEncodings = 0;
			knownRegions = (
				en,
				Base,
			);
			mainGroup = 22706C7820FE510E006E27EE;
			packageReferences = (
				229CFC6B23DDC3C400239309 /* XCRemoteSwiftPackageReference "SDWebImage" */,
				22C1809623E5D4BC0009C58E /* XCRemoteSwiftPackageReference "TinyConstraints" */,
			);
			productRefGroup = 22706C8220FE510E006E27EE /* Products */;
			projectDirPath = "";
			projectRoot = "";
			targets = (
				22706C8020FE510E006E27EE /* MuseumiOS */,
			);
		};
/* End PBXProject section */

/* Begin PBXResourcesBuildPhase section */
		22706C7F20FE510E006E27EE /* Resources */ = {
			isa = PBXResourcesBuildPhase;
			buildActionMask = 2147483647;
			files = (
				22AC8C8E212EEA02000A0BE0 /* Assets.xcassets in Resources */,
				22AC8C8F212EEA02000A0BE0 /* LaunchScreen.storyboard in Resources */,
			);
			runOnlyForDeploymentPostprocessing = 0;
		};
/* End PBXResourcesBuildPhase section */

/* Begin PBXShellScriptBuildPhase section */
		2239FE6B23D62378008E9867 /* Swiftlint */ = {
			isa = PBXShellScriptBuildPhase;
			buildActionMask = 2147483647;
			files = (
			);
			inputFileListPaths = (
			);
			inputPaths = (
			);
			name = Swiftlint;
			outputFileListPaths = (
			);
			outputPaths = (
			);
			runOnlyForDeploymentPostprocessing = 0;
			shellPath = /bin/sh;
			shellScript = "if which swiftlint >/dev/null; then\n  swiftlint --config ../.swiftlint.yml\nelse\n  echo \"warning: SwiftLint not installed, download from https://github.com/realm/SwiftLint\"\nfi\n";
		};
/* End PBXShellScriptBuildPhase section */

/* Begin PBXSourcesBuildPhase section */
		22706C7D20FE510E006E27EE /* Sources */ = {
			isa = PBXSourcesBuildPhase;
			buildActionMask = 2147483647;
			files = (
				2226ACB423E4FE6C002AEF97 /* ArtCollectionViewController.swift in Sources */,
				22AC8C9F212EEA02000A0BE0 /* AppDelegate.swift in Sources */,
				2226ACB723E4FE6C002AEF97 /* ArtCollectionCell.swift in Sources */,
				2237A30F23E8D62900FFF8C2 /* Dependencies.swift in Sources */,
				220DF1BA23E624E1009C2580 /* ArtCollectionDataSource.swift in Sources */,
				220BDB3723E8A608009ED431 /* Coordinator.swift in Sources */,
				22BBE0F823E81E1C004D8D81 /* ArtDetailsViewController.swift in Sources */,
			);
			runOnlyForDeploymentPostprocessing = 0;
		};
/* End PBXSourcesBuildPhase section */

/* Begin PBXVariantGroup section */
		22AC8C76212EEA02000A0BE0 /* LaunchScreen.storyboard */ = {
			isa = PBXVariantGroup;
			children = (
				22AC8C77212EEA02000A0BE0 /* Base */,
			);
			name = LaunchScreen.storyboard;
			sourceTree = "<group>";
		};
/* End PBXVariantGroup section */

/* Begin XCBuildConfiguration section */
		22706C9F20FE5110006E27EE /* Debug */ = {
			isa = XCBuildConfiguration;
			buildSettings = {
				ALWAYS_SEARCH_USER_PATHS = NO;
				CLANG_ANALYZER_NONNULL = YES;
				CLANG_ANALYZER_NUMBER_OBJECT_CONVERSION = YES_AGGRESSIVE;
				CLANG_CXX_LANGUAGE_STANDARD = "gnu++14";
				CLANG_CXX_LIBRARY = "libc++";
				CLANG_ENABLE_MODULES = YES;
				CLANG_ENABLE_OBJC_ARC = YES;
				CLANG_ENABLE_OBJC_WEAK = YES;
				CLANG_WARN_BLOCK_CAPTURE_AUTORELEASING = YES;
				CLANG_WARN_BOOL_CONVERSION = YES;
				CLANG_WARN_COMMA = YES;
				CLANG_WARN_CONSTANT_CONVERSION = YES;
				CLANG_WARN_DEPRECATED_OBJC_IMPLEMENTATIONS = YES;
				CLANG_WARN_DIRECT_OBJC_ISA_USAGE = YES_ERROR;
				CLANG_WARN_DOCUMENTATION_COMMENTS = YES;
				CLANG_WARN_EMPTY_BODY = YES;
				CLANG_WARN_ENUM_CONVERSION = YES;
				CLANG_WARN_INFINITE_RECURSION = YES;
				CLANG_WARN_INT_CONVERSION = YES;
				CLANG_WARN_NON_LITERAL_NULL_CONVERSION = YES;
				CLANG_WARN_OBJC_IMPLICIT_RETAIN_SELF = YES;
				CLANG_WARN_OBJC_LITERAL_CONVERSION = YES;
				CLANG_WARN_OBJC_ROOT_CLASS = YES_ERROR;
				CLANG_WARN_RANGE_LOOP_ANALYSIS = YES;
				CLANG_WARN_STRICT_PROTOTYPES = YES;
				CLANG_WARN_SUSPICIOUS_MOVE = YES;
				CLANG_WARN_UNGUARDED_AVAILABILITY = YES_AGGRESSIVE;
				CLANG_WARN_UNREACHABLE_CODE = YES;
				CLANG_WARN__DUPLICATE_METHOD_MATCH = YES;
				CODE_SIGN_IDENTITY = "iPhone Developer";
				COPY_PHASE_STRIP = NO;
				DEBUG_INFORMATION_FORMAT = dwarf;
				ENABLE_BITCODE = NO;
				ENABLE_STRICT_OBJC_MSGSEND = YES;
				ENABLE_TESTABILITY = YES;
				GCC_C_LANGUAGE_STANDARD = gnu11;
				GCC_DYNAMIC_NO_PIC = NO;
				GCC_NO_COMMON_BLOCKS = YES;
				GCC_OPTIMIZATION_LEVEL = 0;
				GCC_PREPROCESSOR_DEFINITIONS = (
					"DEBUG=1",
					"$(inherited)",
				);
				GCC_WARN_64_TO_32_BIT_CONVERSION = YES;
				GCC_WARN_ABOUT_RETURN_TYPE = YES_ERROR;
				GCC_WARN_UNDECLARED_SELECTOR = YES;
				GCC_WARN_UNINITIALIZED_AUTOS = YES_AGGRESSIVE;
				GCC_WARN_UNUSED_FUNCTION = YES;
				GCC_WARN_UNUSED_VARIABLE = YES;
				INFOPLIST_FILE = "$(SRCROOT)/$(TARGETNAME)/Resources/Info.plist";
				IPHONEOS_DEPLOYMENT_TARGET = 13.0;
				MTL_ENABLE_DEBUG_INFO = YES;
				ONLY_ACTIVE_ARCH = YES;
				PRODUCT_BUNDLE_IDENTIFIER = "com.timwredwards.$(TARGET_NAME)";
				PRODUCT_MODULE_NAME = "$(TARGET_NAME)";
				PRODUCT_NAME = Rijksmuseum;
				SDKROOT = iphoneos;
				SWIFT_ACTIVE_COMPILATION_CONDITIONS = DEBUG;
				SWIFT_OPTIMIZATION_LEVEL = "-Onone";
			};
			name = Debug;
		};
		22706CA020FE5110006E27EE /* Release */ = {
			isa = XCBuildConfiguration;
			buildSettings = {
				ALWAYS_SEARCH_USER_PATHS = NO;
				CLANG_ANALYZER_NONNULL = YES;
				CLANG_ANALYZER_NUMBER_OBJECT_CONVERSION = YES_AGGRESSIVE;
				CLANG_CXX_LANGUAGE_STANDARD = "gnu++14";
				CLANG_CXX_LIBRARY = "libc++";
				CLANG_ENABLE_MODULES = YES;
				CLANG_ENABLE_OBJC_ARC = YES;
				CLANG_ENABLE_OBJC_WEAK = YES;
				CLANG_WARN_BLOCK_CAPTURE_AUTORELEASING = YES;
				CLANG_WARN_BOOL_CONVERSION = YES;
				CLANG_WARN_COMMA = YES;
				CLANG_WARN_CONSTANT_CONVERSION = YES;
				CLANG_WARN_DEPRECATED_OBJC_IMPLEMENTATIONS = YES;
				CLANG_WARN_DIRECT_OBJC_ISA_USAGE = YES_ERROR;
				CLANG_WARN_DOCUMENTATION_COMMENTS = YES;
				CLANG_WARN_EMPTY_BODY = YES;
				CLANG_WARN_ENUM_CONVERSION = YES;
				CLANG_WARN_INFINITE_RECURSION = YES;
				CLANG_WARN_INT_CONVERSION = YES;
				CLANG_WARN_NON_LITERAL_NULL_CONVERSION = YES;
				CLANG_WARN_OBJC_IMPLICIT_RETAIN_SELF = YES;
				CLANG_WARN_OBJC_LITERAL_CONVERSION = YES;
				CLANG_WARN_OBJC_ROOT_CLASS = YES_ERROR;
				CLANG_WARN_RANGE_LOOP_ANALYSIS = YES;
				CLANG_WARN_STRICT_PROTOTYPES = YES;
				CLANG_WARN_SUSPICIOUS_MOVE = YES;
				CLANG_WARN_UNGUARDED_AVAILABILITY = YES_AGGRESSIVE;
				CLANG_WARN_UNREACHABLE_CODE = YES;
				CLANG_WARN__DUPLICATE_METHOD_MATCH = YES;
				CODE_SIGN_IDENTITY = "iPhone Developer";
				COPY_PHASE_STRIP = NO;
				DEBUG_INFORMATION_FORMAT = "dwarf-with-dsym";
				ENABLE_BITCODE = NO;
				ENABLE_NS_ASSERTIONS = NO;
				ENABLE_STRICT_OBJC_MSGSEND = YES;
				GCC_C_LANGUAGE_STANDARD = gnu11;
				GCC_NO_COMMON_BLOCKS = YES;
				GCC_WARN_64_TO_32_BIT_CONVERSION = YES;
				GCC_WARN_ABOUT_RETURN_TYPE = YES_ERROR;
				GCC_WARN_UNDECLARED_SELECTOR = YES;
				GCC_WARN_UNINITIALIZED_AUTOS = YES_AGGRESSIVE;
				GCC_WARN_UNUSED_FUNCTION = YES;
				GCC_WARN_UNUSED_VARIABLE = YES;
				INFOPLIST_FILE = "$(SRCROOT)/$(TARGETNAME)/Resources/Info.plist";
				IPHONEOS_DEPLOYMENT_TARGET = 13.0;
				MTL_ENABLE_DEBUG_INFO = NO;
				PRODUCT_BUNDLE_IDENTIFIER = "com.timwredwards.$(TARGET_NAME)";
				PRODUCT_MODULE_NAME = "$(TARGET_NAME)";
				PRODUCT_NAME = Rijksmuseum;
				SDKROOT = iphoneos;
				SWIFT_COMPILATION_MODE = wholemodule;
				SWIFT_OPTIMIZATION_LEVEL = "-O";
				VALIDATE_PRODUCT = YES;
			};
			name = Release;
		};
		22706CA220FE5110006E27EE /* Debug */ = {
			isa = XCBuildConfiguration;
			buildSettings = {
				ASSETCATALOG_COMPILER_APPICON_NAME = AppIcon;
				CLANG_ENABLE_MODULES = YES;
				CODE_SIGN_STYLE = Automatic;
				DEVELOPMENT_TEAM = P2H55DCRCL;
				LD_RUNPATH_SEARCH_PATHS = (
					"$(inherited)",
					"@executable_path/Frameworks",
				);
				SWIFT_OPTIMIZATION_LEVEL = "-Onone";
				SWIFT_VERSION = 5.0;
				TARGETED_DEVICE_FAMILY = "1,2";
			};
			name = Debug;
		};
		22706CA320FE5110006E27EE /* Release */ = {
			isa = XCBuildConfiguration;
			buildSettings = {
				ASSETCATALOG_COMPILER_APPICON_NAME = AppIcon;
				CLANG_ENABLE_MODULES = YES;
				CODE_SIGN_STYLE = Automatic;
				DEVELOPMENT_TEAM = P2H55DCRCL;
				LD_RUNPATH_SEARCH_PATHS = (
					"$(inherited)",
					"@executable_path/Frameworks",
				);
				SWIFT_VERSION = 5.0;
				TARGETED_DEVICE_FAMILY = "1,2";
			};
			name = Release;
		};
/* End XCBuildConfiguration section */

/* Begin XCConfigurationList section */
		22706C7C20FE510E006E27EE /* Build configuration list for PBXProject "MuseumiOS" */ = {
			isa = XCConfigurationList;
			buildConfigurations = (
				22706C9F20FE5110006E27EE /* Debug */,
				22706CA020FE5110006E27EE /* Release */,
			);
			defaultConfigurationIsVisible = 0;
			defaultConfigurationName = Release;
		};
		22706CA120FE5110006E27EE /* Build configuration list for PBXNativeTarget "MuseumiOS" */ = {
			isa = XCConfigurationList;
			buildConfigurations = (
				22706CA220FE5110006E27EE /* Debug */,
				22706CA320FE5110006E27EE /* Release */,
			);
			defaultConfigurationIsVisible = 0;
			defaultConfigurationName = Release;
		};
/* End XCConfigurationList section */

/* Begin XCRemoteSwiftPackageReference section */
		229CFC6B23DDC3C400239309 /* XCRemoteSwiftPackageReference "SDWebImage" */ = {
			isa = XCRemoteSwiftPackageReference;
			repositoryURL = "git@github.com:SDWebImage/SDWebImage.git";
			requirement = {
				kind = upToNextMajorVersion;
				minimumVersion = 5.5.2;
			};
		};
		22C1809623E5D4BC0009C58E /* XCRemoteSwiftPackageReference "TinyConstraints" */ = {
			isa = XCRemoteSwiftPackageReference;
			repositoryURL = "https://github.com/roberthein/TinyConstraints";
			requirement = {
				kind = upToNextMajorVersion;
				minimumVersion = 4.0.1;
			};
		};
/* End XCRemoteSwiftPackageReference section */

/* Begin XCSwiftPackageProductDependency section */
		229CFC6C23DDC3C400239309 /* SDWebImage */ = {
			isa = XCSwiftPackageProductDependency;
			package = 229CFC6B23DDC3C400239309 /* XCRemoteSwiftPackageReference "SDWebImage" */;
			productName = SDWebImage;
		};
		22C1809723E5D4BC0009C58E /* TinyConstraints */ = {
			isa = XCSwiftPackageProductDependency;
			package = 22C1809623E5D4BC0009C58E /* XCRemoteSwiftPackageReference "TinyConstraints" */;
			productName = TinyConstraints;
		};
/* End XCSwiftPackageProductDependency section */
	};
	rootObject = 22706C7920FE510E006E27EE /* Project object */;
}
