{
  "object": {
    "pins": [
      {
        "package": "CombineCocoa",
        "repositoryURL": "https://github.com/CombineCommunity/CombineCocoa",
        "state": {
          "branch": null,
          "revision": "c31c85b6f8494247b69997324312dce8bf55b34b",
          "version": "0.1.0"
        }
      },
      {
        "package": "SDWebImage",
        "repositoryURL": "git@github.com:SDWebImage/SDWebImage.git",
        "state": {
          "branch": null,
          "revision": "aa7ff6f060d8f34d2c66a716aefff1a3bc9ef816",
          "version": "5.5.2"
        }
      }
    ]
  },
  "version": 1
}
