{
  "object": {
    "pins": [
      {
        "package": "RxSwift",
        "repositoryURL": "https://github.com/ReactiveX/RxSwift",
        "state": {
          "branch": null,
          "revision": "002d325b0bdee94e7882e1114af5ff4fe1e96afa",
          "version": "5.1.1"
        }
      },
      {
        "package": "SDWebImage",
        "repositoryURL": "git@github.com:SDWebImage/SDWebImage.git",
        "state": {
          "branch": null,
          "revision": "aa7ff6f060d8f34d2c66a716aefff1a3bc9ef816",
          "version": "5.5.2"
        }
      },
      {
        "package": "TinyConstraints",
        "repositoryURL": "https://github.com/roberthein/TinyConstraints",
        "state": {
          "branch": null,
          "revision": "f413ea53b886de81b925eeb37a14538fe6ae4912",
          "version": "4.0.1"
        }
      }
    ]
  },
  "version": 1
}
